// !$*UTF8*$!
{
	archiveVersion = 1;
	classes = {
	};
	objectVersion = 54;
	objects = {

/* Begin PBXBuildFile section */
		13B07FBF1A68108700A75B9A /* Images.xcassets in Resources */ = {isa = PBXBuildFile; fileRef = 13B07FB51A68108700A75B9A /* Images.xcassets */; };
		206C4CF366E972F152243E32 /* PrivacyInfo.xcprivacy in Resources */ = {isa = PBXBuildFile; fileRef = 6E119F807236A11E6AD90532 /* PrivacyInfo.xcprivacy */; };
		3E461D99554A48A4959DE609 /* SplashScreen.storyboard in Resources */ = {isa = PBXBuildFile; fileRef = AA286B85B6C04FC6940260E9 /* SplashScreen.storyboard */; };
		5F28E327B29F4FF874D7E491 /* ExpoModulesProvider.swift in Sources */ = {isa = PBXBuildFile; fileRef = F5D210AC278702CA1A97D214 /* ExpoModulesProvider.swift */; };
		B277E56B0ED4E226A64DAE93 /* Pods_wanspotnative.framework in Frameworks */ = {isa = PBXBuildFile; fileRef = 0DD9CD1B3FE52A3749B61DC6 /* Pods_wanspotnative.framework */; };
		BB2F792D24A3F905000567C9 /* Expo.plist in Resources */ = {isa = PBXBuildFile; fileRef = BB2F792C24A3F905000567C9 /* Expo.plist */; };
		F11748422D0307B40044C1D9 /* AppDelegate.swift in Sources */ = {isa = PBXBuildFile; fileRef = F11748412D0307B40044C1D9 /* AppDelegate.swift */; };
/* End PBXBuildFile section */

/* Begin PBXContainerItemProxy section */
		2061FCDA2F9E2492005B8B1F /* PBXContainerItemProxy */ = {
			isa = PBXContainerItemProxy;
			containerPortal = 2061FC4B2F9E201B005B8B1F /* Pods.xcodeproj */;
			proxyType = 2;
			remoteGlobalIDString = 3FD1B4C1246D643E9476438C28048FA8;
			remoteInfo = AppAuth;
		};
		2061FCDC2F9E2492005B8B1F /* PBXContainerItemProxy */ = {
			isa = PBXContainerItemProxy;
			containerPortal = 2061FC4B2F9E201B005B8B1F /* Pods.xcodeproj */;
			proxyType = 2;
			remoteGlobalIDString = EF9852680BCD6EC8B15F622B5B92A838;
			remoteInfo = "AppAuth-AppAuthCore_Privacy";
		};
		2061FCDE2F9E2492005B8B1F /* PBXContainerItemProxy */ = {
			isa = PBXContainerItemProxy;
			containerPortal = 2061FC4B2F9E201B005B8B1F /* Pods.xcodeproj */;
			proxyType = 2;
			remoteGlobalIDString = B46CC14F5020A277B322D80BA336BC10;
			remoteInfo = AppCheckCore;
		};
		2061FCE02F9E2492005B8B1F /* PBXContainerItemProxy */ = {
			isa = PBXContainerItemProxy;
			containerPortal = 2061FC4B2F9E201B005B8B1F /* Pods.xcodeproj */;
			proxyType = 2;
			remoteGlobalIDString = 188190F261215759C037D894397BC47C;
			remoteInfo = AsyncStorage;
		};
		2061FCE22F9E2492005B8B1F /* PBXContainerItemProxy */ = {
			isa = PBXContainerItemProxy;
			containerPortal = 2061FC4B2F9E201B005B8B1F /* Pods.xcodeproj */;
			proxyType = 2;
			remoteGlobalIDString = BA022071050F26B00903DB05243B49DC;
			remoteInfo = "AsyncStorage-AsyncStorage_resources";
		};
		2061FCE42F9E2492005B8B1F /* PBXContainerItemProxy */ = {
			isa = PBXContainerItemProxy;
			containerPortal = 2061FC4B2F9E201B005B8B1F /* Pods.xcodeproj */;
			proxyType = 2;
			remoteGlobalIDString = 0AE30817DC70B7BDE99523E2FB47404C;
			remoteInfo = EXApplication;
		};
		2061FCE62F9E2492005B8B1F /* PBXContainerItemProxy */ = {
			isa = PBXContainerItemProxy;
			containerPortal = 2061FC4B2F9E201B005B8B1F /* Pods.xcodeproj */;
			proxyType = 2;
			remoteGlobalIDString = 89113033478803623ECCDB4F9A1CBE61;
			remoteInfo = "EXApplication-ExpoApplication_privacy";
		};
		2061FCE82F9E2492005B8B1F /* PBXContainerItemProxy */ = {
			isa = PBXContainerItemProxy;
			containerPortal = 2061FC4B2F9E201B005B8B1F /* Pods.xcodeproj */;
			proxyType = 2;
			remoteGlobalIDString = 220361FF3B2778F8F38C2C4DCC5B49FD;
			remoteInfo = EXConstants;
		};
		2061FCEA2F9E2492005B8B1F /* PBXContainerItemProxy */ = {
			isa = PBXContainerItemProxy;
			containerPortal = 2061FC4B2F9E201B005B8B1F /* Pods.xcodeproj */;
			proxyType = 2;
			remoteGlobalIDString = 8373770623C36DC1B0469DD50C6F763C;
			remoteInfo = "EXConstants-EXConstants";
		};
		2061FCEC2F9E2492005B8B1F /* PBXContainerItemProxy */ = {
			isa = PBXContainerItemProxy;
			containerPortal = 2061FC4B2F9E201B005B8B1F /* Pods.xcodeproj */;
			proxyType = 2;
			remoteGlobalIDString = BB41A78C1BAC8F34C36E35A225A47DFC;
			remoteInfo = "EXConstants-ExpoConstants_privacy";
		};
		2061FCEE2F9E2492005B8B1F /* PBXContainerItemProxy */ = {
			isa = PBXContainerItemProxy;
			containerPortal = 2061FC4B2F9E201B005B8B1F /* Pods.xcodeproj */;
			proxyType = 2;
			remoteGlobalIDString = 58926B83684F42641928AA071B863676;
			remoteInfo = Expo;
		};
		2061FCF02F9E2492005B8B1F /* PBXContainerItemProxy */ = {
			isa = PBXContainerItemProxy;
			containerPortal = 2061FC4B2F9E201B005B8B1F /* Pods.xcodeproj */;
			proxyType = 2;
			remoteGlobalIDString = 8C58DB1533FFA98B1F8D7AD4C7F57F2B;
			remoteInfo = ExpoAdapterGoogleSignIn;
		};
		2061FCF22F9E2492005B8B1F /* PBXContainerItemProxy */ = {
			isa = PBXContainerItemProxy;
			containerPortal = 2061FC4B2F9E201B005B8B1F /* Pods.xcodeproj */;
			proxyType = 2;
			remoteGlobalIDString = CE91131082870B21B1691123E9FC6FF8;
			remoteInfo = ExpoAppleAuthentication;
		};
		2061FCF42F9E2492005B8B1F /* PBXContainerItemProxy */ = {
			isa = PBXContainerItemProxy;
			containerPortal = 2061FC4B2F9E201B005B8B1F /* Pods.xcodeproj */;
			proxyType = 2;
			remoteGlobalIDString = 80854D88467765B192E95AC12D7E7825;
			remoteInfo = ExpoAsset;
		};
		2061FCF62F9E2492005B8B1F /* PBXContainerItemProxy */ = {
			isa = PBXContainerItemProxy;
			containerPortal = 2061FC4B2F9E201B005B8B1F /* Pods.xcodeproj */;
			proxyType = 2;
			remoteGlobalIDString = 5C7A70A46CC181F171F0AB9E1682D2B7;
			remoteInfo = ExpoCrypto;
		};
		2061FCF82F9E2492005B8B1F /* PBXContainerItemProxy */ = {
			isa = PBXContainerItemProxy;
			containerPortal = 2061FC4B2F9E201B005B8B1F /* Pods.xcodeproj */;
			proxyType = 2;
			remoteGlobalIDString = FA8A1BE07C694724409D547D56993017;
			remoteInfo = ExpoDomWebView;
		};
		2061FCFA2F9E2492005B8B1F /* PBXContainerItemProxy */ = {
			isa = PBXContainerItemProxy;
			containerPortal = 2061FC4B2F9E201B005B8B1F /* Pods.xcodeproj */;
			proxyType = 2;
			remoteGlobalIDString = CD31A81A9E8B35D5194EE8ED811B5D64;
			remoteInfo = ExpoFileSystem;
		};
		2061FCFC2F9E2492005B8B1F /* PBXContainerItemProxy */ = {
			isa = PBXContainerItemProxy;
			containerPortal = 2061FC4B2F9E201B005B8B1F /* Pods.xcodeproj */;
			proxyType = 2;
			remoteGlobalIDString = 178DE81B4D5424C480EC2B1B64A6412D;
			remoteInfo = "ExpoFileSystem-ExpoFileSystem_privacy";
		};
		2061FCFE2F9E2492005B8B1F /* PBXContainerItemProxy */ = {
			isa = PBXContainerItemProxy;
			containerPortal = 2061FC4B2F9E201B005B8B1F /* Pods.xcodeproj */;
			proxyType = 2;
			remoteGlobalIDString = ABC8ABA7BE6A035D2B3BD07109EFD54A;
			remoteInfo = ExpoFont;
		};
		2061FD002F9E2492005B8B1F /* PBXContainerItemProxy */ = {
			isa = PBXContainerItemProxy;
			containerPortal = 2061FC4B2F9E201B005B8B1F /* Pods.xcodeproj */;
			proxyType = 2;
			remoteGlobalIDString = 39F62FAC5E8F1E5D3316D9D3F544BF1A;
			remoteInfo = ExpoGlassEffect;
		};
		2061FD022F9E2492005B8B1F /* PBXContainerItemProxy */ = {
			isa = PBXContainerItemProxy;
			containerPortal = 2061FC4B2F9E201B005B8B1F /* Pods.xcodeproj */;
			proxyType = 2;
			remoteGlobalIDString = 4BDAA6F307D9CC47CB110B4B08707C84;
			remoteInfo = ExpoHaptics;
		};
		2061FD042F9E2492005B8B1F /* PBXContainerItemProxy */ = {
			isa = PBXContainerItemProxy;
			containerPortal = 2061FC4B2F9E201B005B8B1F /* Pods.xcodeproj */;
			proxyType = 2;
			remoteGlobalIDString = 18C507260835155D52978B1729EDA89B;
			remoteInfo = ExpoImage;
		};
		2061FD062F9E2492005B8B1F /* PBXContainerItemProxy */ = {
			isa = PBXContainerItemProxy;
			containerPortal = 2061FC4B2F9E201B005B8B1F /* Pods.xcodeproj */;
			proxyType = 2;
			remoteGlobalIDString = 9B0F1C74C35F8BDFB49391A4B4C22AAF;
			remoteInfo = ExpoImageManipulator;
		};
		2061FD082F9E2492005B8B1F /* PBXContainerItemProxy */ = {
			isa = PBXContainerItemProxy;
			containerPortal = 2061FC4B2F9E201B005B8B1F /* Pods.xcodeproj */;
			proxyType = 2;
			remoteGlobalIDString = 57F2ADB04BA09E01A5156966297FA556;
			remoteInfo = ExpoImagePicker;
		};
		2061FD0A2F9E2492005B8B1F /* PBXContainerItemProxy */ = {
			isa = PBXContainerItemProxy;
			containerPortal = 2061FC4B2F9E201B005B8B1F /* Pods.xcodeproj */;
			proxyType = 2;
			remoteGlobalIDString = 07BCD730F7BAE0FD407C1930FCA0A217;
			remoteInfo = ExpoKeepAwake;
		};
		2061FD0C2F9E2492005B8B1F /* PBXContainerItemProxy */ = {
			isa = PBXContainerItemProxy;
			containerPortal = 2061FC4B2F9E201B005B8B1F /* Pods.xcodeproj */;
			proxyType = 2;
			remoteGlobalIDString = CD4E7A392079315D1514E19B267283C1;
			remoteInfo = ExpoLinking;
		};
		2061FD0E2F9E2492005B8B1F /* PBXContainerItemProxy */ = {
			isa = PBXContainerItemProxy;
			containerPortal = 2061FC4B2F9E201B005B8B1F /* Pods.xcodeproj */;
			proxyType = 2;
			remoteGlobalIDString = CB0C8D1F07825979C286DF3A249F30CA;
			remoteInfo = ExpoLocation;
		};
		2061FD102F9E2492005B8B1F /* PBXContainerItemProxy */ = {
			isa = PBXContainerItemProxy;
			containerPortal = 2061FC4B2F9E201B005B8B1F /* Pods.xcodeproj */;
			proxyType = 2;
			remoteGlobalIDString = 507368207F5A6149D40A83814B0330E1;
			remoteInfo = ExpoLogBox;
		};
		2061FD122F9E2492005B8B1F /* PBXContainerItemProxy */ = {
			isa = PBXContainerItemProxy;
			containerPortal = 2061FC4B2F9E201B005B8B1F /* Pods.xcodeproj */;
			proxyType = 2;
			remoteGlobalIDString = 5868279839278475B7AAE3A5535A508C;
			remoteInfo = ExpoModulesCore;
		};
		2061FD142F9E2492005B8B1F /* PBXContainerItemProxy */ = {
			isa = PBXContainerItemProxy;
			containerPortal = 2061FC4B2F9E201B005B8B1F /* Pods.xcodeproj */;
			proxyType = 2;
			remoteGlobalIDString = F87A74E265479C9683DAC4B1935DA41B;
			remoteInfo = ExpoModulesJSI;
		};
		2061FD162F9E2492005B8B1F /* PBXContainerItemProxy */ = {
			isa = PBXContainerItemProxy;
			containerPortal = 2061FC4B2F9E201B005B8B1F /* Pods.xcodeproj */;
			proxyType = 2;
			remoteGlobalIDString = F43745594DDDE59894032698B385B272;
			remoteInfo = ExpoRouter;
		};
		2061FD182F9E2492005B8B1F /* PBXContainerItemProxy */ = {
			isa = PBXContainerItemProxy;
			containerPortal = 2061FC4B2F9E201B005B8B1F /* Pods.xcodeproj */;
			proxyType = 2;
			remoteGlobalIDString = 297584D26018D053B1768D2AE222F48F;
			remoteInfo = ExpoSymbols;
		};
		2061FD1A2F9E2492005B8B1F /* PBXContainerItemProxy */ = {
			isa = PBXContainerItemProxy;
			containerPortal = 2061FC4B2F9E201B005B8B1F /* Pods.xcodeproj */;
			proxyType = 2;
			remoteGlobalIDString = 35118F1C4C6F5A0C0BFCB6755C2DC250;
			remoteInfo = ExpoTrackingTransparency;
		};
		2061FD1C2F9E2492005B8B1F /* PBXContainerItemProxy */ = {
			isa = PBXContainerItemProxy;
			containerPortal = 2061FC4B2F9E201B005B8B1F /* Pods.xcodeproj */;
			proxyType = 2;
			remoteGlobalIDString = 91BFA73E529051CDD2E6783F3C8023D1;
			remoteInfo = ExpoWebBrowser;
		};
		2061FD1E2F9E2492005B8B1F /* PBXContainerItemProxy */ = {
			isa = PBXContainerItemProxy;
			containerPortal = 2061FC4B2F9E201B005B8B1F /* Pods.xcodeproj */;
			proxyType = 2;
			remoteGlobalIDString = F8ECCB3B4E33C0FDD00B394CC2C7EA2E;
			remoteInfo = "Google-Mobile-Ads-SDK";
		};
		2061FD202F9E2492005B8B1F /* PBXContainerItemProxy */ = {
			isa = PBXContainerItemProxy;
			containerPortal = 2061FC4B2F9E201B005B8B1F /* Pods.xcodeproj */;
			proxyType = 2;
			remoteGlobalIDString = 3998091512768CD07733CB4F02B4BD9F;
			remoteInfo = "Google-Mobile-Ads-SDK-GoogleMobileAdsResources";
		};
		2061FD222F9E2492005B8B1F /* PBXContainerItemProxy */ = {
			isa = PBXContainerItemProxy;
			containerPortal = 2061FC4B2F9E201B005B8B1F /* Pods.xcodeproj */;
			proxyType = 2;
			remoteGlobalIDString = FD56AB51475BC5F592781EE2692D1412;
			remoteInfo = GoogleSignIn;
		};
		2061FD242F9E2492005B8B1F /* PBXContainerItemProxy */ = {
			isa = PBXContainerItemProxy;
			containerPortal = 2061FC4B2F9E201B005B8B1F /* Pods.xcodeproj */;
			proxyType = 2;
			remoteGlobalIDString = E5BA41B7F2E1FE47F9ABCAC27C9E4281;
			remoteInfo = "GoogleSignIn-GoogleSignIn";
		};
		2061FD262F9E2492005B8B1F /* PBXContainerItemProxy */ = {
			isa = PBXContainerItemProxy;
			containerPortal = 2061FC4B2F9E201B005B8B1F /* Pods.xcodeproj */;
			proxyType = 2;
			remoteGlobalIDString = 8A377C18F92A8A511869ADA54B5652D2;
			remoteInfo = "GoogleUserMessagingPlatform-UserMessagingPlatformResources";
		};
		2061FD282F9E2492005B8B1F /* PBXContainerItemProxy */ = {
			isa = PBXContainerItemProxy;
			containerPortal = 2061FC4B2F9E201B005B8B1F /* Pods.xcodeproj */;
			proxyType = 2;
			remoteGlobalIDString = B43874C6CBB50E7134FBEC24BABFE14F;
			remoteInfo = GoogleUtilities;
		};
		2061FD2A2F9E2492005B8B1F /* PBXContainerItemProxy */ = {
			isa = PBXContainerItemProxy;
			containerPortal = 2061FC4B2F9E201B005B8B1F /* Pods.xcodeproj */;
			proxyType = 2;
			remoteGlobalIDString = 44E291D18340EAC3F761346198515323;
			remoteInfo = "GoogleUtilities-GoogleUtilities_Privacy";
		};
		2061FD2C2F9E2492005B8B1F /* PBXContainerItemProxy */ = {
			isa = PBXContainerItemProxy;
			containerPortal = 2061FC4B2F9E201B005B8B1F /* Pods.xcodeproj */;
			proxyType = 2;
			remoteGlobalIDString = 6FD122EA0AB9AB2A8FFA5F676C795DF0;
			remoteInfo = GTMAppAuth;
		};
		2061FD2E2F9E2492005B8B1F /* PBXContainerItemProxy */ = {
			isa = PBXContainerItemProxy;
			containerPortal = 2061FC4B2F9E201B005B8B1F /* Pods.xcodeproj */;
			proxyType = 2;
			remoteGlobalIDString = DA0C8E4A1DAFC158C8B8845D021E6531;
			remoteInfo = "GTMAppAuth-GTMAppAuth_Privacy";
		};
		2061FD302F9E2492005B8B1F /* PBXContainerItemProxy */ = {
			isa = PBXContainerItemProxy;
			containerPortal = 2061FC4B2F9E201B005B8B1F /* Pods.xcodeproj */;
			proxyType = 2;
			remoteGlobalIDString = C1998E0D8085221AD87F89B614C10E52;
			remoteInfo = GTMSessionFetcher;
		};
		2061FD322F9E2492005B8B1F /* PBXContainerItemProxy */ = {
			isa = PBXContainerItemProxy;
			containerPortal = 2061FC4B2F9E201B005B8B1F /* Pods.xcodeproj */;
			proxyType = 2;
			remoteGlobalIDString = E826FA0DCB9AA6E7829C68391B323B78;
			remoteInfo = "GTMSessionFetcher-GTMSessionFetcher_Core_Privacy";
		};
		2061FD342F9E2492005B8B1F /* PBXContainerItemProxy */ = {
			isa = PBXContainerItemProxy;
			containerPortal = 2061FC4B2F9E201B005B8B1F /* Pods.xcodeproj */;
			proxyType = 2;
			remoteGlobalIDString = 26F8BC6A69875CD65DC03BA1AAFE3979;
			remoteInfo = libavif;
		};
		2061FD362F9E2492005B8B1F /* PBXContainerItemProxy */ = {
			isa = PBXContainerItemProxy;
			containerPortal = 2061FC4B2F9E201B005B8B1F /* Pods.xcodeproj */;
			proxyType = 2;
			remoteGlobalIDString = 4FF2FCDFBCAFE7F136863E085432F805;
			remoteInfo = libdav1d;
		};
		2061FD382F9E2492005B8B1F /* PBXContainerItemProxy */ = {
			isa = PBXContainerItemProxy;
			containerPortal = 2061FC4B2F9E201B005B8B1F /* Pods.xcodeproj */;
			proxyType = 2;
			remoteGlobalIDString = 5E4674603A5D5B9215FFA0F8E69F8B71;
			remoteInfo = libwebp;
		};
		2061FD3A2F9E2492005B8B1F /* PBXContainerItemProxy */ = {
			isa = PBXContainerItemProxy;
			containerPortal = 2061FC4B2F9E201B005B8B1F /* Pods.xcodeproj */;
			proxyType = 2;
			remoteGlobalIDString = C8D96601BB652FFC1C40841AA4C20B04;
			remoteInfo = "Pods-wanspotnative";
		};
		2061FD3C2F9E2492005B8B1F /* PBXContainerItemProxy */ = {
			isa = PBXContainerItemProxy;
			containerPortal = 2061FC4B2F9E201B005B8B1F /* Pods.xcodeproj */;
			proxyType = 2;
			remoteGlobalIDString = 3347A1AB6546F0A3977529B8F199DC41;
			remoteInfo = PromisesObjC;
		};
		2061FD3E2F9E2492005B8B1F /* PBXContainerItemProxy */ = {
			isa = PBXContainerItemProxy;
			containerPortal = 2061FC4B2F9E201B005B8B1F /* Pods.xcodeproj */;
			proxyType = 2;
			remoteGlobalIDString = 3F238BB22C5201CE689CAF2F766AED95;
			remoteInfo = "PromisesObjC-FBLPromises_Privacy";
		};
		2061FD402F9E2492005B8B1F /* PBXContainerItemProxy */ = {
			isa = PBXContainerItemProxy;
			containerPortal = 2061FC4B2F9E201B005B8B1F /* Pods.xcodeproj */;
			proxyType = 2;
			remoteGlobalIDString = 2E1F79B59673DDADE4D69889E86F0EF6;
			remoteInfo = RCTSwiftUI;
		};
		2061FD422F9E2492005B8B1F /* PBXContainerItemProxy */ = {
			isa = PBXContainerItemProxy;
			containerPortal = 2061FC4B2F9E201B005B8B1F /* Pods.xcodeproj */;
			proxyType = 2;
			remoteGlobalIDString = 79BA67467E7C8C63F8AD7E8FA1098BB9;
			remoteInfo = RCTSwiftUIWrapper;
		};
		2061FD442F9E2492005B8B1F /* PBXContainerItemProxy */ = {
			isa = PBXContainerItemProxy;
			containerPortal = 2061FC4B2F9E201B005B8B1F /* Pods.xcodeproj */;
			proxyType = 2;
			remoteGlobalIDString = BB214EC5C784D0D6F134C8412AE88BD7;
			remoteInfo = "React-Core-React-Core_privacy";
		};
		2061FD462F9E2492005B8B1F /* PBXContainerItemProxy */ = {
			isa = PBXContainerItemProxy;
			containerPortal = 2061FC4B2F9E201B005B8B1F /* Pods.xcodeproj */;
			proxyType = 2;
			remoteGlobalIDString = E29ADDC93B6DED49A5C18F17348381B1;
			remoteInfo = "React-cxxreact-React-cxxreact_privacy";
		};
		2061FD482F9E2492005B8B1F /* PBXContainerItemProxy */ = {
			isa = PBXContainerItemProxy;
			containerPortal = 2061FC4B2F9E201B005B8B1F /* Pods.xcodeproj */;
			proxyType = 2;
			remoteGlobalIDString = 52FCF98CEFF94C742080B6965D537AD0;
			remoteInfo = "react-native-safe-area-context";
		};
		2061FD4A2F9E2492005B8B1F /* PBXContainerItemProxy */ = {
			isa = PBXContainerItemProxy;
			containerPortal = 2061FC4B2F9E201B005B8B1F /* Pods.xcodeproj */;
			proxyType = 2;
			remoteGlobalIDString = C07C429E887D0FBD7D457208EF1B14CD;
			remoteInfo = ReactAppDependencyProvider;
		};
		2061FD4C2F9E2492005B8B1F /* PBXContainerItemProxy */ = {
			isa = PBXContainerItemProxy;
			containerPortal = 2061FC4B2F9E201B005B8B1F /* Pods.xcodeproj */;
			proxyType = 2;
			remoteGlobalIDString = 0CEF74A24ECE8AEEF7B1E27B305D2DDC;
			remoteInfo = ReactCodegen;
		};
		2061FD4E2F9E2492005B8B1F /* PBXContainerItemProxy */ = {
			isa = PBXContainerItemProxy;
			containerPortal = 2061FC4B2F9E201B005B8B1F /* Pods.xcodeproj */;
			proxyType = 2;
			remoteGlobalIDString = 4CD3C4AB6DBCBD8A0A41EFD09C691AB0;
			remoteInfo = RNGoogleMobileAds;
		};
		2061FD502F9E2492005B8B1F /* PBXContainerItemProxy */ = {
			isa = PBXContainerItemProxy;
			containerPortal = 2061FC4B2F9E201B005B8B1F /* Pods.xcodeproj */;
			proxyType = 2;
			remoteGlobalIDString = 97CE6A3FA04F0B3C1E0418A227804309;
			remoteInfo = RNGoogleSignin;
		};
		2061FD522F9E2492005B8B1F /* PBXContainerItemProxy */ = {
			isa = PBXContainerItemProxy;
			containerPortal = 2061FC4B2F9E201B005B8B1F /* Pods.xcodeproj */;
			proxyType = 2;
			remoteGlobalIDString = 50B5347C9A6E93B7D4CFC3673BA6FB7E;
			remoteInfo = RNScreens;
		};
		2061FD542F9E2492005B8B1F /* PBXContainerItemProxy */ = {
			isa = PBXContainerItemProxy;
			containerPortal = 2061FC4B2F9E201B005B8B1F /* Pods.xcodeproj */;
			proxyType = 2;
			remoteGlobalIDString = 90EE8D3C082C157169540FC8F5913DAD;
			remoteInfo = RNSVG;
		};
		2061FD562F9E2492005B8B1F /* PBXContainerItemProxy */ = {
			isa = PBXContainerItemProxy;
			containerPortal = 2061FC4B2F9E201B005B8B1F /* Pods.xcodeproj */;
			proxyType = 2;
			remoteGlobalIDString = 56554E6B3CBAABB979BD4133E3F13C59;
			remoteInfo = "RNSVG-RNSVGFilters";
		};
		2061FD582F9E2492005B8B1F /* PBXContainerItemProxy */ = {
			isa = PBXContainerItemProxy;
			containerPortal = 2061FC4B2F9E201B005B8B1F /* Pods.xcodeproj */;
			proxyType = 2;
			remoteGlobalIDString = B0B214D775196BA7CA8E17E53048A493;
			remoteInfo = SDWebImage;
		};
		2061FD5A2F9E2492005B8B1F /* PBXContainerItemProxy */ = {
			isa = PBXContainerItemProxy;
			containerPortal = 2061FC4B2F9E201B005B8B1F /* Pods.xcodeproj */;
			proxyType = 2;
			remoteGlobalIDString = CF1281E58AA1045D4B7F33FC56691C42;
			remoteInfo = "SDWebImage-SDWebImage";
		};
		2061FD5C2F9E2492005B8B1F /* PBXContainerItemProxy */ = {
			isa = PBXContainerItemProxy;
			containerPortal = 2061FC4B2F9E201B005B8B1F /* Pods.xcodeproj */;
			proxyType = 2;
			remoteGlobalIDString = 1DA28325084A8BCE72851C6CBE4DC880;
			remoteInfo = SDWebImageAVIFCoder;
		};
		2061FD5E2F9E2492005B8B1F /* PBXContainerItemProxy */ = {
			isa = PBXContainerItemProxy;
			containerPortal = 2061FC4B2F9E201B005B8B1F /* Pods.xcodeproj */;
			proxyType = 2;
			remoteGlobalIDString = E722D6805379E92A6556CE4A121DBEEE;
			remoteInfo = SDWebImageSVGCoder;
		};
		2061FD602F9E2492005B8B1F /* PBXContainerItemProxy */ = {
			isa = PBXContainerItemProxy;
			containerPortal = 2061FC4B2F9E201B005B8B1F /* Pods.xcodeproj */;
			proxyType = 2;
			remoteGlobalIDString = FCF61D9B2B75054A9A3185DDC609B7FF;
			remoteInfo = SDWebImageWebPCoder;
		};
/* End PBXContainerItemProxy section */

/* Begin PBXFileReference section */
		0DD9CD1B3FE52A3749B61DC6 /* Pods_wanspotnative.framework */ = {isa = PBXFileReference; explicitFileType = wrapper.framework; includeInIndex = 0; path = Pods_wanspotnative.framework; sourceTree = BUILT_PRODUCTS_DIR; };
		13B07F961A680F5B00A75B9A /* wanspotnative.app */ = {isa = PBXFileReference; explicitFileType = wrapper.application; includeInIndex = 0; path = wanspotnative.app; sourceTree = BUILT_PRODUCTS_DIR; };
		13B07FB51A68108700A75B9A /* Images.xcassets */ = {isa = PBXFileReference; lastKnownFileType = folder.assetcatalog; name = Images.xcassets; path = wanspotnative/Images.xcassets; sourceTree = "<group>"; };
		13B07FB61A68108700A75B9A /* Info.plist */ = {isa = PBXFileReference; fileEncoding = 4; lastKnownFileType = text.plist.xml; name = Info.plist; path = wanspotnative/Info.plist; sourceTree = "<group>"; };
		2061FC4B2F9E201B005B8B1F /* Pods.xcodeproj */ = {isa = PBXFileReference; lastKnownFileType = "wrapper.pb-project"; name = Pods.xcodeproj; path = Pods/Pods.xcodeproj; sourceTree = "<group>"; };
		5C986CD357A739268A9B4702 /* Pods-wanspotnative.debug.xcconfig */ = {isa = PBXFileReference; includeInIndex = 1; lastKnownFileType = text.xcconfig; name = "Pods-wanspotnative.debug.xcconfig"; path = "Target Support Files/Pods-wanspotnative/Pods-wanspotnative.debug.xcconfig"; sourceTree = "<group>"; };
		6E119F807236A11E6AD90532 /* PrivacyInfo.xcprivacy */ = {isa = PBXFileReference; includeInIndex = 1; lastKnownFileType = text.xml; name = PrivacyInfo.xcprivacy; path = wanspotnative/PrivacyInfo.xcprivacy; sourceTree = "<group>"; };
		7CFAD0F54D32B108C9C198B4 /* Pods-wanspotnative.release.xcconfig */ = {isa = PBXFileReference; includeInIndex = 1; lastKnownFileType = text.xcconfig; name = "Pods-wanspotnative.release.xcconfig"; path = "Target Support Files/Pods-wanspotnative/Pods-wanspotnative.release.xcconfig"; sourceTree = "<group>"; };
		AA286B85B6C04FC6940260E9 /* SplashScreen.storyboard */ = {isa = PBXFileReference; fileEncoding = 4; lastKnownFileType = file.storyboard; name = SplashScreen.storyboard; path = wanspotnative/SplashScreen.storyboard; sourceTree = "<group>"; };
		BB2F792C24A3F905000567C9 /* Expo.plist */ = {isa = PBXFileReference; fileEncoding = 4; lastKnownFileType = text.plist.xml; path = Expo.plist; sourceTree = "<group>"; };
		ED297162215061F000B7C4FE /* JavaScriptCore.framework */ = {isa = PBXFileReference; lastKnownFileType = wrapper.framework; name = JavaScriptCore.framework; path = System/Library/Frameworks/JavaScriptCore.framework; sourceTree = SDKROOT; };
		F11748412D0307B40044C1D9 /* AppDelegate.swift */ = {isa = PBXFileReference; lastKnownFileType = sourcecode.swift; name = AppDelegate.swift; path = wanspotnative/AppDelegate.swift; sourceTree = "<group>"; };
		F11748442D0722820044C1D9 /* wanspotnative-Bridging-Header.h */ = {isa = PBXFileReference; lastKnownFileType = sourcecode.c.h; name = "wanspotnative-Bridging-Header.h"; path = "wanspotnative/wanspotnative-Bridging-Header.h"; sourceTree = "<group>"; };
		F5D210AC278702CA1A97D214 /* ExpoModulesProvider.swift */ = {isa = PBXFileReference; includeInIndex = 1; lastKnownFileType = sourcecode.swift; name = ExpoModulesProvider.swift; path = "Pods/Target Support Files/Pods-wanspotnative/ExpoModulesProvider.swift"; sourceTree = "<group>"; };
/* End PBXFileReference section */

/* Begin PBXFrameworksBuildPhase section */
		13B07F8C1A680F5B00A75B9A /* Frameworks */ = {
			isa = PBXFrameworksBuildPhase;
			buildActionMask = 2147483647;
			files = (
				B277E56B0ED4E226A64DAE93 /* Pods_wanspotnative.framework in Frameworks */,
			);
			runOnlyForDeploymentPostprocessing = 0;
		};
/* End PBXFrameworksBuildPhase section */

/* Begin PBXGroup section */
		13B07FAE1A68108700A75B9A /* wanspotnative */ = {
			isa = PBXGroup;
			children = (
				F11748412D0307B40044C1D9 /* AppDelegate.swift */,
				F11748442D0722820044C1D9 /* wanspotnative-Bridging-Header.h */,
				BB2F792B24A3F905000567C9 /* Supporting */,
				13B07FB51A68108700A75B9A /* Images.xcassets */,
				13B07FB61A68108700A75B9A /* Info.plist */,
				AA286B85B6C04FC6940260E9 /* SplashScreen.storyboard */,
				6E119F807236A11E6AD90532 /* PrivacyInfo.xcprivacy */,
			);
			name = wanspotnative;
			sourceTree = "<group>";
		};
		2061FC4E2F9E2491005B8B1F /* Products */ = {
			isa = PBXGroup;
			children = (
				2061FCDB2F9E2492005B8B1F /* AppAuth.framework */,
				2061FCDD2F9E2492005B8B1F /* AppAuthCore_Privacy.bundle */,
				2061FCDF2F9E2492005B8B1F /* AppCheckCore.framework */,
				2061FCE12F9E2492005B8B1F /* AsyncStorage.framework */,
				2061FCE32F9E2492005B8B1F /* AsyncStorage_resources.bundle */,
				2061FCE52F9E2492005B8B1F /* EXApplication.framework */,
				2061FCE72F9E2492005B8B1F /* ExpoApplication_privacy.bundle */,
				2061FCE92F9E2492005B8B1F /* EXConstants.framework */,
				2061FCEB2F9E2492005B8B1F /* EXConstants.bundle */,
				2061FCED2F9E2492005B8B1F /* ExpoConstants_privacy.bundle */,
				2061FCEF2F9E2492005B8B1F /* libExpo.a */,
				2061FCF12F9E2492005B8B1F /* ExpoAdapterGoogleSignIn.framework */,
				2061FCF32F9E2492005B8B1F /* ExpoAppleAuthentication.framework */,
				2061FCF52F9E2492005B8B1F /* ExpoAsset.framework */,
				2061FCF72F9E2492005B8B1F /* ExpoCrypto.framework */,
				2061FCF92F9E2492005B8B1F /* ExpoDomWebView.framework */,
				2061FCFB2F9E2492005B8B1F /* ExpoFileSystem.framework */,
				2061FCFD2F9E2492005B8B1F /* ExpoFileSystem_privacy.bundle */,
				2061FCFF2F9E2492005B8B1F /* ExpoFont.framework */,
				2061FD012F9E2492005B8B1F /* ExpoGlassEffect.framework */,
				2061FD032F9E2492005B8B1F /* ExpoHaptics.framework */,
				2061FD052F9E2492005B8B1F /* ExpoImage.framework */,
				2061FD072F9E2492005B8B1F /* ExpoImageManipulator.framework */,
				2061FD092F9E2492005B8B1F /* ExpoImagePicker.framework */,
				2061FD0B2F9E2492005B8B1F /* ExpoKeepAwake.framework */,
				2061FD0D2F9E2492005B8B1F /* ExpoLinking.framework */,
				2061FD0F2F9E2492005B8B1F /* ExpoLocation.framework */,
				2061FD112F9E2492005B8B1F /* ExpoLogBox.framework */,
				2061FD132F9E2492005B8B1F /* libExpoModulesCore.a */,
				2061FD152F9E2492005B8B1F /* libExpoModulesJSI.a */,
				2061FD172F9E2492005B8B1F /* ExpoRouter.framework */,
				2061FD192F9E2492005B8B1F /* ExpoSymbols.framework */,
				2061FD1B2F9E2492005B8B1F /* ExpoTrackingTransparency.framework */,
				2061FD1D2F9E2492005B8B1F /* ExpoWebBrowser.framework */,
				2061FD1F2F9E2492005B8B1F /* Google_Mobile_Ads_SDK.framework */,
				2061FD212F9E2492005B8B1F /* GoogleMobileAdsResources.bundle */,
				2061FD232F9E2492005B8B1F /* GoogleSignIn.framework */,
				2061FD252F9E2492005B8B1F /* GoogleSignIn.bundle */,
				2061FD272F9E2492005B8B1F /* UserMessagingPlatformResources.bundle */,
				2061FD292F9E2492005B8B1F /* GoogleUtilities.framework */,
				2061FD2B2F9E2492005B8B1F /* GoogleUtilities_Privacy.bundle */,
				2061FD2D2F9E2492005B8B1F /* GTMAppAuth.framework */,
				2061FD2F2F9E2492005B8B1F /* GTMAppAuth_Privacy.bundle */,
				2061FD312F9E2492005B8B1F /* GTMSessionFetcher.framework */,
				2061FD332F9E2492005B8B1F /* GTMSessionFetcher_Core_Privacy.bundle */,
				2061FD352F9E2492005B8B1F /* libavif.framework */,
				2061FD372F9E2492005B8B1F /* libdav1d.framework */,
				2061FD392F9E2492005B8B1F /* libwebp.framework */,
				2061FD3B2F9E2492005B8B1F /* Pods_wanspotnative.framework */,
				2061FD3D2F9E2492005B8B1F /* FBLPromises.framework */,
				2061FD3F2F9E2492005B8B1F /* FBLPromises_Privacy.bundle */,
				2061FD412F9E2492005B8B1F /* RCTSwiftUI.framework */,
				2061FD432F9E2492005B8B1F /* RCTSwiftUIWrapper.framework */,
				2061FD452F9E2492005B8B1F /* React-Core_privacy.bundle */,
				2061FD472F9E2492005B8B1F /* React-cxxreact_privacy.bundle */,
				2061FD492F9E2492005B8B1F /* react_native_safe_area_context.framework */,
				2061FD4B2F9E2492005B8B1F /* libReactAppDependencyProvider.a */,
				2061FD4D2F9E2492005B8B1F /* ReactCodegen.framework */,
				2061FD4F2F9E2492005B8B1F /* RNGoogleMobileAds.framework */,
				2061FD512F9E2492005B8B1F /* RNGoogleSignin.framework */,
				2061FD532F9E2492005B8B1F /* RNScreens.framework */,
				2061FD552F9E2492005B8B1F /* RNSVG.framework */,
				2061FD572F9E2492005B8B1F /* RNSVGFilters.bundle */,
				2061FD592F9E2492005B8B1F /* SDWebImage.framework */,
				2061FD5B2F9E2492005B8B1F /* SDWebImage.bundle */,
				2061FD5D2F9E2492005B8B1F /* SDWebImageAVIFCoder.framework */,
				2061FD5F2F9E2492005B8B1F /* SDWebImageSVGCoder.framework */,
				2061FD612F9E2492005B8B1F /* SDWebImageWebPCoder.framework */,
			);
			name = Products;
			sourceTree = "<group>";
		};
		2D16E6871FA4F8E400B85C8A /* Frameworks */ = {
			isa = PBXGroup;
			children = (
				ED297162215061F000B7C4FE /* JavaScriptCore.framework */,
				0DD9CD1B3FE52A3749B61DC6 /* Pods_wanspotnative.framework */,
			);
			name = Frameworks;
			sourceTree = "<group>";
		};
		832341AE1AAA6A7D00B99B32 /* Libraries */ = {
			isa = PBXGroup;
			children = (
			);
			name = Libraries;
			sourceTree = "<group>";
		};
		83CBB9F61A601CBA00E9B192 = {
			isa = PBXGroup;
			children = (
				2061FC4B2F9E201B005B8B1F /* Pods.xcodeproj */,
				13B07FAE1A68108700A75B9A /* wanspotnative */,
				832341AE1AAA6A7D00B99B32 /* Libraries */,
				83CBBA001A601CBA00E9B192 /* Products */,
				2D16E6871FA4F8E400B85C8A /* Frameworks */,
				A5C9E8C77898789D5A8B8F3E /* Pods */,
				CF44EBA9FEC70464E74141D7 /* ExpoModulesProviders */,
			);
			indentWidth = 2;
			sourceTree = "<group>";
			tabWidth = 2;
			usesTabs = 0;
		};
		83CBBA001A601CBA00E9B192 /* Products */ = {
			isa = PBXGroup;
			children = (
				13B07F961A680F5B00A75B9A /* wanspotnative.app */,
			);
			name = Products;
			sourceTree = "<group>";
		};
		9127C48F0F5AD96568859027 /* wanspotnative */ = {
			isa = PBXGroup;
			children = (
				F5D210AC278702CA1A97D214 /* ExpoModulesProvider.swift */,
			);
			name = wanspotnative;
			sourceTree = "<group>";
		};
		A5C9E8C77898789D5A8B8F3E /* Pods */ = {
			isa = PBXGroup;
			children = (
				5C986CD357A739268A9B4702 /* Pods-wanspotnative.debug.xcconfig */,
				7CFAD0F54D32B108C9C198B4 /* Pods-wanspotnative.release.xcconfig */,
			);
			path = Pods;
			sourceTree = "<group>";
		};
		BB2F792B24A3F905000567C9 /* Supporting */ = {
			isa = PBXGroup;
			children = (
				BB2F792C24A3F905000567C9 /* Expo.plist */,
			);
			name = Supporting;
			path = wanspotnative/Supporting;
			sourceTree = "<group>";
		};
		CF44EBA9FEC70464E74141D7 /* ExpoModulesProviders */ = {
			isa = PBXGroup;
			children = (
				9127C48F0F5AD96568859027 /* wanspotnative */,
			);
			name = ExpoModulesProviders;
			sourceTree = "<group>";
		};
/* End PBXGroup section */

/* Begin PBXNativeTarget section */
		13B07F861A680F5B00A75B9A /* wanspotnative */ = {
			isa = PBXNativeTarget;
			buildConfigurationList = 13B07F931A680F5B00A75B9A /* Build configuration list for PBXNativeTarget "wanspotnative" */;
			buildPhases = (
				08A4A3CD28434E44B6B9DE2E /* [CP] Check Pods Manifest.lock */,
				B67C4DA5061CB5B64BF92532 /* [Expo] Configure project */,
				13B07F871A680F5B00A75B9A /* Sources */,
				13B07F8C1A680F5B00A75B9A /* Frameworks */,
				13B07F8E1A680F5B00A75B9A /* Resources */,
				00DD1BFF1BD5951E006B06BC /* Bundle React Native code and images */,
				800E24972A6A228C8D4807E9 /* [CP] Copy Pods Resources */,
				B31CF94CF8148C9959B4F7C5 /* [CP] Embed Pods Frameworks */,
				66CF00BD9C287340B4FD1B06 /* [CP-User] [RNGoogleMobileAds] Configuration */,
			);
			buildRules = (
			);
			dependencies = (
			);
			name = wanspotnative;
			productName = wanspotnative;
			productReference = 13B07F961A680F5B00A75B9A /* wanspotnative.app */;
			productType = "com.apple.product-type.application";
		};
/* End PBXNativeTarget section */

/* Begin PBXProject section */
		83CBB9F71A601CBA00E9B192 /* Project object */ = {
			isa = PBXProject;
			attributes = {
				LastUpgradeCheck = 1130;
				TargetAttributes = {
					13B07F861A680F5B00A75B9A = {
						LastSwiftMigration = 1250;
					};
				};
			};
			buildConfigurationList = 83CBB9FA1A601CBA00E9B192 /* Build configuration list for PBXProject "wanspotnative" */;
			compatibilityVersion = "Xcode 3.2";
			developmentRegion = en;
			hasScannedForEncodings = 0;
			knownRegions = (
				en,
				Base,
			);
			mainGroup = 83CBB9F61A601CBA00E9B192;
			productRefGroup = 83CBBA001A601CBA00E9B192 /* Products */;
			projectDirPath = "";
			projectReferences = (
				{
					ProductGroup = 2061FC4E2F9E2491005B8B1F /* Products */;
					ProjectRef = 2061FC4B2F9E201B005B8B1F /* Pods.xcodeproj */;
				},
			);
			projectRoot = "";
			targets = (
				13B07F861A680F5B00A75B9A /* wanspotnative */,
			);
		};
/* End PBXProject section */

/* Begin PBXReferenceProxy section */
		2061FCDB2F9E2492005B8B1F /* AppAuth.framework */ = {
			isa = PBXReferenceProxy;
			fileType = wrapper.framework;
			path = AppAuth.framework;
			remoteRef = 2061FCDA2F9E2492005B8B1F /* PBXContainerItemProxy */;
			sourceTree = BUILT_PRODUCTS_DIR;
		};
		2061FCDD2F9E2492005B8B1F /* AppAuthCore_Privacy.bundle */ = {
			isa = PBXReferenceProxy;
			fileType = wrapper.cfbundle;
			path = AppAuthCore_Privacy.bundle;
			remoteRef = 2061FCDC2F9E2492005B8B1F /* PBXContainerItemProxy */;
			sourceTree = BUILT_PRODUCTS_DIR;
		};
		2061FCDF2F9E2492005B8B1F /* AppCheckCore.framework */ = {
			isa = PBXReferenceProxy;
			fileType = wrapper.framework;
			path = AppCheckCore.framework;
			remoteRef = 2061FCDE2F9E2492005B8B1F /* PBXContainerItemProxy */;
			sourceTree = BUILT_PRODUCTS_DIR;
		};
		2061FCE12F9E2492005B8B1F /* AsyncStorage.framework */ = {
			isa = PBXReferenceProxy;
			fileType = wrapper.framework;
			path = AsyncStorage.framework;
			remoteRef = 2061FCE02F9E2492005B8B1F /* PBXContainerItemProxy */;
			sourceTree = BUILT_PRODUCTS_DIR;
		};
		2061FCE32F9E2492005B8B1F /* AsyncStorage_resources.bundle */ = {
			isa = PBXReferenceProxy;
			fileType = wrapper.cfbundle;
			path = AsyncStorage_resources.bundle;
			remoteRef = 2061FCE22F9E2492005B8B1F /* PBXContainerItemProxy */;
			sourceTree = BUILT_PRODUCTS_DIR;
		};
		2061FCE52F9E2492005B8B1F /* EXApplication.framework */ = {
			isa = PBXReferenceProxy;
			fileType = wrapper.framework;
			path = EXApplication.framework;
			remoteRef = 2061FCE42F9E2492005B8B1F /* PBXContainerItemProxy */;
			sourceTree = BUILT_PRODUCTS_DIR;
		};
		2061FCE72F9E2492005B8B1F /* ExpoApplication_privacy.bundle */ = {
			isa = PBXReferenceProxy;
			fileType = wrapper.cfbundle;
			path = ExpoApplication_privacy.bundle;
			remoteRef = 2061FCE62F9E2492005B8B1F /* PBXContainerItemProxy */;
			sourceTree = BUILT_PRODUCTS_DIR;
		};
		2061FCE92F9E2492005B8B1F /* EXConstants.framework */ = {
			isa = PBXReferenceProxy;
			fileType = wrapper.framework;
			path = EXConstants.framework;
			remoteRef = 2061FCE82F9E2492005B8B1F /* PBXContainerItemProxy */;
			sourceTree = BUILT_PRODUCTS_DIR;
		};
		2061FCEB2F9E2492005B8B1F /* EXConstants.bundle */ = {
			isa = PBXReferenceProxy;
			fileType = wrapper.cfbundle;
			path = EXConstants.bundle;
			remoteRef = 2061FCEA2F9E2492005B8B1F /* PBXContainerItemProxy */;
			sourceTree = BUILT_PRODUCTS_DIR;
		};
		2061FCED2F9E2492005B8B1F /* ExpoConstants_privacy.bundle */ = {
			isa = PBXReferenceProxy;
			fileType = wrapper.cfbundle;
			path = ExpoConstants_privacy.bundle;
			remoteRef = 2061FCEC2F9E2492005B8B1F /* PBXContainerItemProxy */;
			sourceTree = BUILT_PRODUCTS_DIR;
		};
		2061FCEF2F9E2492005B8B1F /* libExpo.a */ = {
			isa = PBXReferenceProxy;
			fileType = archive.ar;
			path = libExpo.a;
			remoteRef = 2061FCEE2F9E2492005B8B1F /* PBXContainerItemProxy */;
			sourceTree = BUILT_PRODUCTS_DIR;
		};
		2061FCF12F9E2492005B8B1F /* ExpoAdapterGoogleSignIn.framework */ = {
			isa = PBXReferenceProxy;
			fileType = wrapper.framework;
			path = ExpoAdapterGoogleSignIn.framework;
			remoteRef = 2061FCF02F9E2492005B8B1F /* PBXContainerItemProxy */;
			sourceTree = BUILT_PRODUCTS_DIR;
		};
		2061FCF32F9E2492005B8B1F /* ExpoAppleAuthentication.framework */ = {
			isa = PBXReferenceProxy;
			fileType = wrapper.framework;
			path = ExpoAppleAuthentication.framework;
			remoteRef = 2061FCF22F9E2492005B8B1F /* PBXContainerItemProxy */;
			sourceTree = BUILT_PRODUCTS_DIR;
		};
		2061FCF52F9E2492005B8B1F /* ExpoAsset.framework */ = {
			isa = PBXReferenceProxy;
			fileType = wrapper.framework;
			path = ExpoAsset.framework;
			remoteRef = 2061FCF42F9E2492005B8B1F /* PBXContainerItemProxy */;
			sourceTree = BUILT_PRODUCTS_DIR;
		};
		2061FCF72F9E2492005B8B1F /* ExpoCrypto.framework */ = {
			isa = PBXReferenceProxy;
			fileType = wrapper.framework;
			path = ExpoCrypto.framework;
			remoteRef = 2061FCF62F9E2492005B8B1F /* PBXContainerItemProxy */;
			sourceTree = BUILT_PRODUCTS_DIR;
		};
		2061FCF92F9E2492005B8B1F /* ExpoDomWebView.framework */ = {
			isa = PBXReferenceProxy;
			fileType = wrapper.framework;
			path = ExpoDomWebView.framework;
			remoteRef = 2061FCF82F9E2492005B8B1F /* PBXContainerItemProxy */;
			sourceTree = BUILT_PRODUCTS_DIR;
		};
		2061FCFB2F9E2492005B8B1F /* ExpoFileSystem.framework */ = {
			isa = PBXReferenceProxy;
			fileType = wrapper.framework;
			path = ExpoFileSystem.framework;
			remoteRef = 2061FCFA2F9E2492005B8B1F /* PBXContainerItemProxy */;
			sourceTree = BUILT_PRODUCTS_DIR;
		};
		2061FCFD2F9E2492005B8B1F /* ExpoFileSystem_privacy.bundle */ = {
			isa = PBXReferenceProxy;
			fileType = wrapper.cfbundle;
			path = ExpoFileSystem_privacy.bundle;
			remoteRef = 2061FCFC2F9E2492005B8B1F /* PBXContainerItemProxy */;
			sourceTree = BUILT_PRODUCTS_DIR;
		};
		2061FCFF2F9E2492005B8B1F /* ExpoFont.framework */ = {
			isa = PBXReferenceProxy;
			fileType = wrapper.framework;
			path = ExpoFont.framework;
			remoteRef = 2061FCFE2F9E2492005B8B1F /* PBXContainerItemProxy */;
			sourceTree = BUILT_PRODUCTS_DIR;
		};
		2061FD012F9E2492005B8B1F /* ExpoGlassEffect.framework */ = {
			isa = PBXReferenceProxy;
			fileType = wrapper.framework;
			path = ExpoGlassEffect.framework;
			remoteRef = 2061FD002F9E2492005B8B1F /* PBXContainerItemProxy */;
			sourceTree = BUILT_PRODUCTS_DIR;
		};
		2061FD032F9E2492005B8B1F /* ExpoHaptics.framework */ = {
			isa = PBXReferenceProxy;
			fileType = wrapper.framework;
			path = ExpoHaptics.framework;
			remoteRef = 2061FD022F9E2492005B8B1F /* PBXContainerItemProxy */;
			sourceTree = BUILT_PRODUCTS_DIR;
		};
		2061FD052F9E2492005B8B1F /* ExpoImage.framework */ = {
			isa = PBXReferenceProxy;
			fileType = wrapper.framework;
			path = ExpoImage.framework;
			remoteRef = 2061FD042F9E2492005B8B1F /* PBXContainerItemProxy */;
			sourceTree = BUILT_PRODUCTS_DIR;
		};
		2061FD072F9E2492005B8B1F /* ExpoImageManipulator.framework */ = {
			isa = PBXReferenceProxy;
			fileType = wrapper.framework;
			path = ExpoImageManipulator.framework;
			remoteRef = 2061FD062F9E2492005B8B1F /* PBXContainerItemProxy */;
			sourceTree = BUILT_PRODUCTS_DIR;
		};
		2061FD092F9E2492005B8B1F /* ExpoImagePicker.framework */ = {
			isa = PBXReferenceProxy;
			fileType = wrapper.framework;
			path = ExpoImagePicker.framework;
			remoteRef = 2061FD082F9E2492005B8B1F /* PBXContainerItemProxy */;
			sourceTree = BUILT_PRODUCTS_DIR;
		};
		2061FD0B2F9E2492005B8B1F /* ExpoKeepAwake.framework */ = {
			isa = PBXReferenceProxy;
			fileType = wrapper.framework;
			path = ExpoKeepAwake.framework;
			remoteRef = 2061FD0A2F9E2492005B8B1F /* PBXContainerItemProxy */;
			sourceTree = BUILT_PRODUCTS_DIR;
		};
		2061FD0D2F9E2492005B8B1F /* ExpoLinking.framework */ = {
			isa = PBXReferenceProxy;
			fileType = wrapper.framework;
			path = ExpoLinking.framework;
			remoteRef = 2061FD0C2F9E2492005B8B1F /* PBXContainerItemProxy */;
			sourceTree = BUILT_PRODUCTS_DIR;
		};
		2061FD0F2F9E2492005B8B1F /* ExpoLocation.framework */ = {
			isa = PBXReferenceProxy;
			fileType = wrapper.framework;
			path = ExpoLocation.framework;
			remoteRef = 2061FD0E2F9E2492005B8B1F /* PBXContainerItemProxy */;
			sourceTree = BUILT_PRODUCTS_DIR;
		};
		2061FD112F9E2492005B8B1F /* ExpoLogBox.framework */ = {
			isa = PBXReferenceProxy;
			fileType = wrapper.framework;
			path = ExpoLogBox.framework;
			remoteRef = 2061FD102F9E2492005B8B1F /* PBXContainerItemProxy */;
			sourceTree = BUILT_PRODUCTS_DIR;
		};
		2061FD132F9E2492005B8B1F /* libExpoModulesCore.a */ = {
			isa = PBXReferenceProxy;
			fileType = archive.ar;
			path = libExpoModulesCore.a;
			remoteRef = 2061FD122F9E2492005B8B1F /* PBXContainerItemProxy */;
			sourceTree = BUILT_PRODUCTS_DIR;
		};
		2061FD152F9E2492005B8B1F /* libExpoModulesJSI.a */ = {
			isa = PBXReferenceProxy;
			fileType = archive.ar;
			path = libExpoModulesJSI.a;
			remoteRef = 2061FD142F9E2492005B8B1F /* PBXContainerItemProxy */;
			sourceTree = BUILT_PRODUCTS_DIR;
		};
		2061FD172F9E2492005B8B1F /* ExpoRouter.framework */ = {
			isa = PBXReferenceProxy;
			fileType = wrapper.framework;
			path = ExpoRouter.framework;
			remoteRef = 2061FD162F9E2492005B8B1F /* PBXContainerItemProxy */;
			sourceTree = BUILT_PRODUCTS_DIR;
		};
		2061FD192F9E2492005B8B1F /* ExpoSymbols.framework */ = {
			isa = PBXReferenceProxy;
			fileType = wrapper.framework;
			path = ExpoSymbols.framework;
			remoteRef = 2061FD182F9E2492005B8B1F /* PBXContainerItemProxy */;
			sourceTree = BUILT_PRODUCTS_DIR;
		};
		2061FD1B2F9E2492005B8B1F /* ExpoTrackingTransparency.framework */ = {
			isa = PBXReferenceProxy;
			fileType = wrapper.framework;
			path = ExpoTrackingTransparency.framework;
			remoteRef = 2061FD1A2F9E2492005B8B1F /* PBXContainerItemProxy */;
			sourceTree = BUILT_PRODUCTS_DIR;
		};
		2061FD1D2F9E2492005B8B1F /* ExpoWebBrowser.framework */ = {
			isa = PBXReferenceProxy;
			fileType = wrapper.framework;
			path = ExpoWebBrowser.framework;
			remoteRef = 2061FD1C2F9E2492005B8B1F /* PBXContainerItemProxy */;
			sourceTree = BUILT_PRODUCTS_DIR;
		};
		2061FD1F2F9E2492005B8B1F /* Google_Mobile_Ads_SDK.framework */ = {
			isa = PBXReferenceProxy;
			fileType = wrapper.framework;
			path = Google_Mobile_Ads_SDK.framework;
			remoteRef = 2061FD1E2F9E2492005B8B1F /* PBXContainerItemProxy */;
			sourceTree = BUILT_PRODUCTS_DIR;
		};
		2061FD212F9E2492005B8B1F /* GoogleMobileAdsResources.bundle */ = {
			isa = PBXReferenceProxy;
			fileType = wrapper.cfbundle;
			path = GoogleMobileAdsResources.bundle;
			remoteRef = 2061FD202F9E2492005B8B1F /* PBXContainerItemProxy */;
			sourceTree = BUILT_PRODUCTS_DIR;
		};
		2061FD232F9E2492005B8B1F /* GoogleSignIn.framework */ = {
			isa = PBXReferenceProxy;
			fileType = wrapper.framework;
			path = GoogleSignIn.framework;
			remoteRef = 2061FD222F9E2492005B8B1F /* PBXContainerItemProxy */;
			sourceTree = BUILT_PRODUCTS_DIR;
		};
		2061FD252F9E2492005B8B1F /* GoogleSignIn.bundle */ = {
			isa = PBXReferenceProxy;
			fileType = wrapper.cfbundle;
			path = GoogleSignIn.bundle;
			remoteRef = 2061FD242F9E2492005B8B1F /* PBXContainerItemProxy */;
			sourceTree = BUILT_PRODUCTS_DIR;
		};
		2061FD272F9E2492005B8B1F /* UserMessagingPlatformResources.bundle */ = {
			isa = PBXReferenceProxy;
			fileType = wrapper.cfbundle;
			path = UserMessagingPlatformResources.bundle;
			remoteRef = 2061FD262F9E2492005B8B1F /* PBXContainerItemProxy */;
			sourceTree = BUILT_PRODUCTS_DIR;
		};
		2061FD292F9E2492005B8B1F /* GoogleUtilities.framework */ = {
			isa = PBXReferenceProxy;
			fileType = wrapper.framework;
			path = GoogleUtilities.framework;
			remoteRef = 2061FD282F9E2492005B8B1F /* PBXContainerItemProxy */;
			sourceTree = BUILT_PRODUCTS_DIR;
		};
		2061FD2B2F9E2492005B8B1F /* GoogleUtilities_Privacy.bundle */ = {
			isa = PBXReferenceProxy;
			fileType = wrapper.cfbundle;
			path = GoogleUtilities_Privacy.bundle;
			remoteRef = 2061FD2A2F9E2492005B8B1F /* PBXContainerItemProxy */;
			sourceTree = BUILT_PRODUCTS_DIR;
		};
		2061FD2D2F9E2492005B8B1F /* GTMAppAuth.framework */ = {
			isa = PBXReferenceProxy;
			fileType = wrapper.framework;
			path = GTMAppAuth.framework;
			remoteRef = 2061FD2C2F9E2492005B8B1F /* PBXContainerItemProxy */;
			sourceTree = BUILT_PRODUCTS_DIR;
		};
		2061FD2F2F9E2492005B8B1F /* GTMAppAuth_Privacy.bundle */ = {
			isa = PBXReferenceProxy;
			fileType = wrapper.cfbundle;
			path = GTMAppAuth_Privacy.bundle;
			remoteRef = 2061FD2E2F9E2492005B8B1F /* PBXContainerItemProxy */;
			sourceTree = BUILT_PRODUCTS_DIR;
		};
		2061FD312F9E2492005B8B1F /* GTMSessionFetcher.framework */ = {
			isa = PBXReferenceProxy;
			fileType = wrapper.framework;
			path = GTMSessionFetcher.framework;
			remoteRef = 2061FD302F9E2492005B8B1F /* PBXContainerItemProxy */;
			sourceTree = BUILT_PRODUCTS_DIR;
		};
		2061FD332F9E2492005B8B1F /* GTMSessionFetcher_Core_Privacy.bundle */ = {
			isa = PBXReferenceProxy;
			fileType = wrapper.cfbundle;
			path = GTMSessionFetcher_Core_Privacy.bundle;
			remoteRef = 2061FD322F9E2492005B8B1F /* PBXContainerItemProxy */;
			sourceTree = BUILT_PRODUCTS_DIR;
		};
		2061FD352F9E2492005B8B1F /* libavif.framework */ = {
			isa = PBXReferenceProxy;
			fileType = wrapper.framework;
			path = libavif.framework;
			remoteRef = 2061FD342F9E2492005B8B1F /* PBXContainerItemProxy */;
			sourceTree = BUILT_PRODUCTS_DIR;
		};
		2061FD372F9E2492005B8B1F /* libdav1d.framework */ = {
			isa = PBXReferenceProxy;
			fileType = wrapper.framework;
			path = libdav1d.framework;
			remoteRef = 2061FD362F9E2492005B8B1F /* PBXContainerItemProxy */;
			sourceTree = BUILT_PRODUCTS_DIR;
		};
		2061FD392F9E2492005B8B1F /* libwebp.framework */ = {
			isa = PBXReferenceProxy;
			fileType = wrapper.framework;
			path = libwebp.framework;
			remoteRef = 2061FD382F9E2492005B8B1F /* PBXContainerItemProxy */;
			sourceTree = BUILT_PRODUCTS_DIR;
		};
		2061FD3B2F9E2492005B8B1F /* Pods_wanspotnative.framework */ = {
			isa = PBXReferenceProxy;
			fileType = wrapper.framework;
			path = Pods_wanspotnative.framework;
			remoteRef = 2061FD3A2F9E2492005B8B1F /* PBXContainerItemProxy */;
			sourceTree = BUILT_PRODUCTS_DIR;
		};
		2061FD3D2F9E2492005B8B1F /* FBLPromises.framework */ = {
			isa = PBXReferenceProxy;
			fileType = wrapper.framework;
			path = FBLPromises.framework;
			remoteRef = 2061FD3C2F9E2492005B8B1F /* PBXContainerItemProxy */;
			sourceTree = BUILT_PRODUCTS_DIR;
		};
		2061FD3F2F9E2492005B8B1F /* FBLPromises_Privacy.bundle */ = {
			isa = PBXReferenceProxy;
			fileType = wrapper.cfbundle;
			path = FBLPromises_Privacy.bundle;
			remoteRef = 2061FD3E2F9E2492005B8B1F /* PBXContainerItemProxy */;
			sourceTree = BUILT_PRODUCTS_DIR;
		};
		2061FD412F9E2492005B8B1F /* RCTSwiftUI.framework */ = {
			isa = PBXReferenceProxy;
			fileType = wrapper.framework;
			path = RCTSwiftUI.framework;
			remoteRef = 2061FD402F9E2492005B8B1F /* PBXContainerItemProxy */;
			sourceTree = BUILT_PRODUCTS_DIR;
		};
		2061FD432F9E2492005B8B1F /* RCTSwiftUIWrapper.framework */ = {
			isa = PBXReferenceProxy;
			fileType = wrapper.framework;
			path = RCTSwiftUIWrapper.framework;
			remoteRef = 2061FD422F9E2492005B8B1F /* PBXContainerItemProxy */;
			sourceTree = BUILT_PRODUCTS_DIR;
		};
		2061FD452F9E2492005B8B1F /* React-Core_privacy.bundle */ = {
			isa = PBXReferenceProxy;
			fileType = wrapper.cfbundle;
			path = "React-Core_privacy.bundle";
			remoteRef = 2061FD442F9E2492005B8B1F /* PBXContainerItemProxy */;
			sourceTree = BUILT_PRODUCTS_DIR;
		};
		2061FD472F9E2492005B8B1F /* React-cxxreact_privacy.bundle */ = {
			isa = PBXReferenceProxy;
			fileType = wrapper.cfbundle;
			path = "React-cxxreact_privacy.bundle";
			remoteRef = 2061FD462F9E2492005B8B1F /* PBXContainerItemProxy */;
			sourceTree = BUILT_PRODUCTS_DIR;
		};
		2061FD492F9E2492005B8B1F /* react_native_safe_area_context.framework */ = {
			isa = PBXReferenceProxy;
			fileType = wrapper.framework;
			path = react_native_safe_area_context.framework;
			remoteRef = 2061FD482F9E2492005B8B1F /* PBXContainerItemProxy */;
			sourceTree = BUILT_PRODUCTS_DIR;
		};
		2061FD4B2F9E2492005B8B1F /* libReactAppDependencyProvider.a */ = {
			isa = PBXReferenceProxy;
			fileType = archive.ar;
			path = libReactAppDependencyProvider.a;
			remoteRef = 2061FD4A2F9E2492005B8B1F /* PBXContainerItemProxy */;
			sourceTree = BUILT_PRODUCTS_DIR;
		};
		2061FD4D2F9E2492005B8B1F /* ReactCodegen.framework */ = {
			isa = PBXReferenceProxy;
			fileType = wrapper.framework;
			path = ReactCodegen.framework;
			remoteRef = 2061FD4C2F9E2492005B8B1F /* PBXContainerItemProxy */;
			sourceTree = BUILT_PRODUCTS_DIR;
		};
		2061FD4F2F9E2492005B8B1F /* RNGoogleMobileAds.framework */ = {
			isa = PBXReferenceProxy;
			fileType = wrapper.framework;
			path = RNGoogleMobileAds.framework;
			remoteRef = 2061FD4E2F9E2492005B8B1F /* PBXContainerItemProxy */;
			sourceTree = BUILT_PRODUCTS_DIR;
		};
		2061FD512F9E2492005B8B1F /* RNGoogleSignin.framework */ = {
			isa = PBXReferenceProxy;
			fileType = wrapper.framework;
			path = RNGoogleSignin.framework;
			remoteRef = 2061FD502F9E2492005B8B1F /* PBXContainerItemProxy */;
			sourceTree = BUILT_PRODUCTS_DIR;
		};
		2061FD532F9E2492005B8B1F /* RNScreens.framework */ = {
			isa = PBXReferenceProxy;
			fileType = wrapper.framework;
			path = RNScreens.framework;
			remoteRef = 2061FD522F9E2492005B8B1F /* PBXContainerItemProxy */;
			sourceTree = BUILT_PRODUCTS_DIR;
		};
		2061FD552F9E2492005B8B1F /* RNSVG.framework */ = {
			isa = PBXReferenceProxy;
			fileType = wrapper.framework;
			path = RNSVG.framework;
			remoteRef = 2061FD542F9E2492005B8B1F /* PBXContainerItemProxy */;
			sourceTree = BUILT_PRODUCTS_DIR;
		};
		2061FD572F9E2492005B8B1F /* RNSVGFilters.bundle */ = {
			isa = PBXReferenceProxy;
			fileType = wrapper.cfbundle;
			path = RNSVGFilters.bundle;
			remoteRef = 2061FD562F9E2492005B8B1F /* PBXContainerItemProxy */;
			sourceTree = BUILT_PRODUCTS_DIR;
		};
		2061FD592F9E2492005B8B1F /* SDWebImage.framework */ = {
			isa = PBXReferenceProxy;
			fileType = wrapper.framework;
			path = SDWebImage.framework;
			remoteRef = 2061FD582F9E2492005B8B1F /* PBXContainerItemProxy */;
			sourceTree = BUILT_PRODUCTS_DIR;
		};
		2061FD5B2F9E2492005B8B1F /* SDWebImage.bundle */ = {
			isa = PBXReferenceProxy;
			fileType = wrapper.cfbundle;
			path = SDWebImage.bundle;
			remoteRef = 2061FD5A2F9E2492005B8B1F /* PBXContainerItemProxy */;
			sourceTree = BUILT_PRODUCTS_DIR;
		};
		2061FD5D2F9E2492005B8B1F /* SDWebImageAVIFCoder.framework */ = {
			isa = PBXReferenceProxy;
			fileType = wrapper.framework;
			path = SDWebImageAVIFCoder.framework;
			remoteRef = 2061FD5C2F9E2492005B8B1F /* PBXContainerItemProxy */;
			sourceTree = BUILT_PRODUCTS_DIR;
		};
		2061FD5F2F9E2492005B8B1F /* SDWebImageSVGCoder.framework */ = {
			isa = PBXReferenceProxy;
			fileType = wrapper.framework;
			path = SDWebImageSVGCoder.framework;
			remoteRef = 2061FD5E2F9E2492005B8B1F /* PBXContainerItemProxy */;
			sourceTree = BUILT_PRODUCTS_DIR;
		};
		2061FD612F9E2492005B8B1F /* SDWebImageWebPCoder.framework */ = {
			isa = PBXReferenceProxy;
			fileType = wrapper.framework;
			path = SDWebImageWebPCoder.framework;
			remoteRef = 2061FD602F9E2492005B8B1F /* PBXContainerItemProxy */;
			sourceTree = BUILT_PRODUCTS_DIR;
		};
/* End PBXReferenceProxy section */

/* Begin PBXResourcesBuildPhase section */
		13B07F8E1A680F5B00A75B9A /* Resources */ = {
			isa = PBXResourcesBuildPhase;
			buildActionMask = 2147483647;
			files = (
				BB2F792D24A3F905000567C9 /* Expo.plist in Resources */,
				13B07FBF1A68108700A75B9A /* Images.xcassets in Resources */,
				3E461D99554A48A4959DE609 /* SplashScreen.storyboard in Resources */,
				206C4CF366E972F152243E32 /* PrivacyInfo.xcprivacy in Resources */,
			);
			runOnlyForDeploymentPostprocessing = 0;
		};
/* End PBXResourcesBuildPhase section */

/* Begin PBXShellScriptBuildPhase section */
		00DD1BFF1BD5951E006B06BC /* Bundle React Native code and images */ = {
			isa = PBXShellScriptBuildPhase;
			alwaysOutOfDate = 1;
			buildActionMask = 2147483647;
			files = (
			);
			inputPaths = (
				"$(SRCROOT)/.xcode.env",
				"$(SRCROOT)/.xcode.env.local",
			);
			name = "Bundle React Native code and images";
			outputPaths = (
			);
			runOnlyForDeploymentPostprocessing = 0;
			shellPath = /bin/sh;
			shellScript = "if [[ -f \"$PODS_ROOT/../.xcode.env\" ]]; then\n  source \"$PODS_ROOT/../.xcode.env\"\nfi\nif [[ -f \"$PODS_ROOT/../.xcode.env.local\" ]]; then\n  source \"$PODS_ROOT/../.xcode.env.local\"\nfi\n\n# The project root by default is one level up from the ios directory\nexport PROJECT_ROOT=\"$PROJECT_DIR\"/..\n\nif [[ \"$CONFIGURATION\" = *Debug* ]]; then\n  export SKIP_BUNDLING=1\nfi\nif [[ -z \"$ENTRY_FILE\" ]]; then\n  # Set the entry JS file using the bundler's entry resolution.\n  export ENTRY_FILE=\"$(\"$NODE_BINARY\" -e \"require('expo/scripts/resolveAppEntry')\" \"$PROJECT_ROOT\" ios absolute | tail -n 1)\"\nfi\n\nif [[ -z \"$CLI_PATH\" ]]; then\n  # Use Expo CLI\n  export CLI_PATH=\"$(\"$NODE_BINARY\" --print \"require.resolve('@expo/cli', { paths: [require.resolve('expo/package.json')] })\")\"\nfi\nif [[ -z \"$BUNDLE_COMMAND\" ]]; then\n  # Default Expo CLI command for bundling\n  export BUNDLE_COMMAND=\"export:embed\"\nfi\n\n# Source .xcode.env.updates if it exists to allow\n# SKIP_BUNDLING to be unset if needed\nif [[ -f \"$PODS_ROOT/../.xcode.env.updates\" ]]; then\n  source \"$PODS_ROOT/../.xcode.env.updates\"\nfi\n# Source local changes to allow overrides\n# if needed\nif [[ -f \"$PODS_ROOT/../.xcode.env.local\" ]]; then\n  source \"$PODS_ROOT/../.xcode.env.local\"\nfi\n\n`\"$NODE_BINARY\" --print \"require('path').dirname(require.resolve('react-native/package.json')) + '/scripts/react-native-xcode.sh'\"`\n\n";
		};
		08A4A3CD28434E44B6B9DE2E /* [CP] Check Pods Manifest.lock */ = {
			isa = PBXShellScriptBuildPhase;
			buildActionMask = 2147483647;
			files = (
			);
			inputFileListPaths = (
			);
			inputPaths = (
				"${PODS_PODFILE_DIR_PATH}/Podfile.lock",
				"${PODS_ROOT}/Manifest.lock",
			);
			name = "[CP] Check Pods Manifest.lock";
			outputFileListPaths = (
			);
			outputPaths = (
				"$(DERIVED_FILE_DIR)/Pods-wanspotnative-checkManifestLockResult.txt",
			);
			runOnlyForDeploymentPostprocessing = 0;
			shellPath = /bin/sh;
			shellScript = "diff \"${PODS_PODFILE_DIR_PATH}/Podfile.lock\" \"${PODS_ROOT}/Manifest.lock\" > /dev/null\nif [ $? != 0 ] ; then\n    # print error to STDERR\n    echo \"error: The sandbox is not in sync with the Podfile.lock. Run 'pod install' or update your CocoaPods installation.\" >&2\n    exit 1\nfi\n# This output is used by Xcode 'outputs' to avoid re-running this script phase.\necho \"SUCCESS\" > \"${SCRIPT_OUTPUT_FILE_0}\"\n";
			showEnvVarsInLog = 0;
		};
		66CF00BD9C287340B4FD1B06 /* [CP-User] [RNGoogleMobileAds] Configuration */ = {
			isa = PBXShellScriptBuildPhase;
			buildActionMask = 2147483647;
			files = (
			);
			inputPaths = (
				"$(BUILT_PRODUCTS_DIR)/$(INFOPLIST_PATH)",
			);
			name = "[CP-User] [RNGoogleMobileAds] Configuration";
			outputPaths = (
			);
			runOnlyForDeploymentPostprocessing = 0;
			shellPath = /bin/sh;
			shellScript = "#!/usr/bin/env bash\n#\n# Copyright (c) 2016-present Invertase Limited & Contributors\n#\n# Licensed under the Apache License, Version 2.0 (the \"License\");\n# you may not use this library except in compliance with the License.\n# You may obtain a copy of the License at\n#\n#   http://www.apache.org/licenses/LICENSE-2.0\n#\n# Unless required by applicable law or agreed to in writing, software\n# distributed under the License is distributed on an \"AS IS\" BASIS,\n# WITHOUT WARRANTIES OR CONDITIONS OF ANY KIND, either express or implied.\n# See the License for the specific language governing permissions and\n# limitations under the License.\n#\n\n##########################################################################\n##########################################################################\n#\n#  NOTE THAT IF YOU CHANGE THIS FILE YOU MUST RUN pod install AFTERWARDS\n#\n#  This file is installed as an Xcode build script in the project file\n#  by cocoapods, and you will not see your changes until you pod install\n#\n##########################################################################\n##########################################################################\n\nset -e\n\n_MAX_LOOKUPS=2;\n_SEARCH_RESULT=''\n_RN_ROOT_EXISTS=''\n_CURRENT_LOOKUPS=1\n_PROJECT_ABBREVIATION=\"RNGoogleMobileAds\"\n_JSON_ROOT=\"'react-native-google-mobile-ads'\"\n_JSON_FILE_NAME='app.json'\n_JSON_OUTPUT_BASE64='e30=' # { }\n_CURRENT_SEARCH_DIR=${PROJECT_DIR}\n_PLIST_BUDDY=/usr/libexec/PlistBuddy\n_TARGET_PLIST=\"${BUILT_PRODUCTS_DIR}/${INFOPLIST_PATH}\"\n_DSYM_PLIST=\"${DWARF_DSYM_FOLDER_PATH}/${DWARF_DSYM_FILE_NAME}/Contents/Info.plist\"\n_PACKAGE_JSON_NAME='package.json'\n\n# plist arrays\n_PLIST_ENTRY_KEYS=()\n_PLIST_ENTRY_TYPES=()\n_PLIST_ENTRY_VALUES=()\n\nfunction setPlistValue {\n  echo \"note:      setting plist entry '$1' of type '$2' in file '$4'\"\n  ${_PLIST_BUDDY} -c \"Add :$1 $2 '$3'\" $4 || echo \"note:      '$1' already exists\"\n}\n\nfunction getJsonKeyValue () {\n  if [[ ${_RN_ROOT_EXISTS} ]]; then\n    ruby -KU -e \"require 'rubygems';require 'json'; output=JSON.parse('$1'); puts output[$_JSON_ROOT]['$2']\"\n  else\n    echo \"\"\n  fi;\n}\n\nfunction jsonBoolToYesNo () {\n  if [[ $1 == \"false\" ]]; then\n    echo \"NO\"\n  elif [[ $1 == \"true\" ]]; then\n    echo \"YES\"\n  else echo \"NO\"\n  fi\n}\n\necho \"note: -> ${_PROJECT_ABBREVIATION} build script started\"\necho \"note: 1) Locating ${_JSON_FILE_NAME} file:\"\n\nif [[ -z ${_CURRENT_SEARCH_DIR} ]]; then\n  _CURRENT_SEARCH_DIR=$(pwd)\nfi;\n\nwhile true; do\n  _CURRENT_SEARCH_DIR=$(dirname \"$_CURRENT_SEARCH_DIR\")\n  if [[ \"$_CURRENT_SEARCH_DIR\" == *.generated ]]; then continue; fi\n  if [[ \"$_CURRENT_SEARCH_DIR\" == \"/\" ]] || [[ ${_CURRENT_LOOKUPS} -gt ${_MAX_LOOKUPS} ]]; then break; fi;\n  echo \"note:      ($_CURRENT_LOOKUPS of $_MAX_LOOKUPS) Searching in '$_CURRENT_SEARCH_DIR' for a ${_JSON_FILE_NAME} file.\"\n  _SEARCH_RESULT=$(find \"$_CURRENT_SEARCH_DIR\" -maxdepth 2 -name ${_JSON_FILE_NAME} -print | /usr/bin/head -n 1)\n  if [[ ${_SEARCH_RESULT} ]]; then\n    echo \"note:      ${_JSON_FILE_NAME} found at $_SEARCH_RESULT\"\n    break;\n  fi;\n  _CURRENT_LOOKUPS=$((_CURRENT_LOOKUPS+1))\ndone\n\nif [[ ${_SEARCH_RESULT} ]]; then\n  _JSON_OUTPUT_RAW=$(cat \"${_SEARCH_RESULT}\")\n  _RN_ROOT_EXISTS=$(ruby -KU -e \"require 'rubygems';require 'json'; output=JSON.parse('$_JSON_OUTPUT_RAW'); puts output[$_JSON_ROOT]\" || echo '')\n\n  if [[ ${_RN_ROOT_EXISTS} ]]; then\n    if ! python3 --version >/dev/null 2>&1; then echo \"error: python3 not found, app.json file processing error.\" && exit 1; fi\n    _JSON_OUTPUT_BASE64=$(python3 -c 'import json,sys,base64;print(base64.b64encode(bytes(json.dumps(json.loads(open('\"'${_SEARCH_RESULT}'\"', '\"'rb'\"').read())['${_JSON_ROOT}']), '\"'utf-8'\"')).decode())' || echo \"e30=\")\n  fi\n\n  _PLIST_ENTRY_KEYS+=(\"google_mobile_ads_json_raw\")\n  _PLIST_ENTRY_TYPES+=(\"string\")\n  _PLIST_ENTRY_VALUES+=(\"$_JSON_OUTPUT_BASE64\")\n\n  # config.delay_app_measurement_init\n  _DELAY_APP_MEASUREMENT=$(getJsonKeyValue \"$_JSON_OUTPUT_RAW\" \"delay_app_measurement_init\")\n  if [[ $_DELAY_APP_MEASUREMENT == \"true\" ]]; then\n    _PLIST_ENTRY_KEYS+=(\"GADDelayAppMeasurementInit\")\n    _PLIST_ENTRY_TYPES+=(\"bool\")\n    _PLIST_ENTRY_VALUES+=(\"YES\")\n  fi\n\n  # config.ios_app_id\n  _IOS_APP_ID=$(getJsonKeyValue \"$_JSON_OUTPUT_RAW\" \"ios_app_id\")\n  if [[ $_IOS_APP_ID ]]; then\n    _PLIST_ENTRY_KEYS+=(\"GADApplicationIdentifier\")\n    _PLIST_ENTRY_TYPES+=(\"string\")\n    _PLIST_ENTRY_VALUES+=(\"$_IOS_APP_ID\")\n  fi\n\n  # config.sk_ad_network_items\n  _SK_AD_NETWORK_ITEMS=$(getJsonKeyValue \"$_JSON_OUTPUT_RAW\" \"sk_ad_network_items\")\n  if [[ $_SK_AD_NETWORK_ITEMS ]]; then\n    _PLIST_ENTRY_KEYS+=(\"SKAdNetworkItems\")\n    _PLIST_ENTRY_TYPES+=(\"array\")\n    _PLIST_ENTRY_VALUES+=(\"\")\n\n    oldifs=$IFS\n    IFS=\"\n\"\n    array=($(echo \"$_SK_AD_NETWORK_ITEMS\"))\n    IFS=$oldifs\n    for i in \"${!array[@]}\"; do\n      _PLIST_ENTRY_KEYS+=(\"SKAdNetworkItems:$i:SKAdNetworkIdentifier\")\n      _PLIST_ENTRY_TYPES+=(\"string\")\n      _PLIST_ENTRY_VALUES+=(\"${array[i]}\")  \n    done\n  fi\n\n    # config.user_tracking_usage_description\n  _USER_TRACKING_USAGE_DESCRIPTION=$(getJsonKeyValue \"$_JSON_OUTPUT_RAW\" \"user_tracking_usage_description\")\n  if [[ $_USER_TRACKING_USAGE_DESCRIPTION ]]; then\n    _PLIST_ENTRY_KEYS+=(\"NSUserTrackingUsageDescription\")\n    _PLIST_ENTRY_TYPES+=(\"string\")\n    _PLIST_ENTRY_VALUES+=(\"$_USER_TRACKING_USAGE_DESCRIPTION\")\n  fi\nelse\n  _PLIST_ENTRY_KEYS+=(\"google_mobile_ads_json_raw\")\n  _PLIST_ENTRY_TYPES+=(\"string\")\n  _PLIST_ENTRY_VALUES+=(\"$_JSON_OUTPUT_BASE64\")\n  echo \"note:   An ${_JSON_FILE_NAME} file was not found, whilst this file is optional it is recommended to include it to auto-configure services.\"\nfi;\n\necho \"note: 2) Injecting Info.plist entries: \"\n\n# Log out the keys we're adding\nfor i in \"${!_PLIST_ENTRY_KEYS[@]}\"; do\n  echo \"    ->  $i) ${_PLIST_ENTRY_KEYS[$i]}\" \"${_PLIST_ENTRY_TYPES[$i]}\" \"${_PLIST_ENTRY_VALUES[$i]}\"\ndone\n\nif ! [[ -f \"${_TARGET_PLIST}\" ]]; then\n  echo \"error: unable to locate Info.plist to set properties. App will crash without GADApplicationIdentifier set.\"\n  exit 1\nfi\n\nif ! [[ $_IOS_APP_ID ]]; then\n  echo \"warning:  ios_app_id key not found in react-native-google-mobile-ads key in app.json. App will crash without it. You may safely ignore this warning if you are using our Expo config plugin.\"\n  exit 0\nfi\n\nfor plist in \"${_TARGET_PLIST}\" \"${_DSYM_PLIST}\" ; do\n  if [[ -f \"${plist}\" ]]; then\n\n    # paths with spaces break the call to setPlistValue. temporarily modify\n    # the shell internal field separator variable (IFS), which normally\n    # includes spaces, to consist only of line breaks\n    oldifs=$IFS\n    IFS=\"\n\"\n\n    for i in \"${!_PLIST_ENTRY_KEYS[@]}\"; do\n      setPlistValue \"${_PLIST_ENTRY_KEYS[$i]}\" \"${_PLIST_ENTRY_TYPES[$i]}\" \"${_PLIST_ENTRY_VALUES[$i]}\" \"${plist}\"\n    done\n\n    # restore the original internal field separator value\n    IFS=$oldifs\n  else\n    echo \"warning:   A Info.plist build output file was not found (${plist})\"\n  fi\ndone\n\necho \"note: <- ${_PROJECT_ABBREVIATION} build script finished\"\n";
		};
		800E24972A6A228C8D4807E9 /* [CP] Copy Pods Resources */ = {
			isa = PBXShellScriptBuildPhase;
			buildActionMask = 2147483647;
			files = (
			);
			inputPaths = (
				"${PODS_ROOT}/Target Support Files/Pods-wanspotnative/Pods-wanspotnative-resources.sh",
				"${PODS_CONFIGURATION_BUILD_DIR}/AppAuth/AppAuthCore_Privacy.bundle",
				"${PODS_CONFIGURATION_BUILD_DIR}/AsyncStorage/AsyncStorage_resources.bundle",
				"${PODS_CONFIGURATION_BUILD_DIR}/EXApplication/ExpoApplication_privacy.bundle",
				"${PODS_CONFIGURATION_BUILD_DIR}/EXConstants/EXConstants.bundle",
				"${PODS_CONFIGURATION_BUILD_DIR}/EXConstants/ExpoConstants_privacy.bundle",
				"${PODS_CONFIGURATION_BUILD_DIR}/ExpoFileSystem/ExpoFileSystem_privacy.bundle",
				"${PODS_CONFIGURATION_BUILD_DIR}/GTMAppAuth/GTMAppAuth_Privacy.bundle",
				"${PODS_CONFIGURATION_BUILD_DIR}/GTMSessionFetcher/GTMSessionFetcher_Core_Privacy.bundle",
				"${PODS_CONFIGURATION_BUILD_DIR}/Google-Mobile-Ads-SDK/GoogleMobileAdsResources.bundle",
				"${PODS_CONFIGURATION_BUILD_DIR}/GoogleSignIn/GoogleSignIn.bundle",
				"${PODS_CONFIGURATION_BUILD_DIR}/GoogleUserMessagingPlatform/UserMessagingPlatformResources.bundle",
				"${PODS_CONFIGURATION_BUILD_DIR}/GoogleUtilities/GoogleUtilities_Privacy.bundle",
				"${PODS_CONFIGURATION_BUILD_DIR}/PromisesObjC/FBLPromises_Privacy.bundle",
				"${PODS_CONFIGURATION_BUILD_DIR}/RNSVG/RNSVGFilters.bundle",
				"${PODS_CONFIGURATION_BUILD_DIR}/React-Core/React-Core_privacy.bundle",
				"${PODS_CONFIGURATION_BUILD_DIR}/React-cxxreact/React-cxxreact_privacy.bundle",
				"${PODS_CONFIGURATION_BUILD_DIR}/SDWebImage/SDWebImage.bundle",
			);
			name = "[CP] Copy Pods Resources";
			outputPaths = (
				"${TARGET_BUILD_DIR}/${UNLOCALIZED_RESOURCES_FOLDER_PATH}/AppAuthCore_Privacy.bundle",
				"${TARGET_BUILD_DIR}/${UNLOCALIZED_RESOURCES_FOLDER_PATH}/AsyncStorage_resources.bundle",
				"${TARGET_BUILD_DIR}/${UNLOCALIZED_RESOURCES_FOLDER_PATH}/ExpoApplication_privacy.bundle",
				"${TARGET_BUILD_DIR}/${UNLOCALIZED_RESOURCES_FOLDER_PATH}/EXConstants.bundle",
				"${TARGET_BUILD_DIR}/${UNLOCALIZED_RESOURCES_FOLDER_PATH}/ExpoConstants_privacy.bundle",
				"${TARGET_BUILD_DIR}/${UNLOCALIZED_RESOURCES_FOLDER_PATH}/ExpoFileSystem_privacy.bundle",
				"${TARGET_BUILD_DIR}/${UNLOCALIZED_RESOURCES_FOLDER_PATH}/GTMAppAuth_Privacy.bundle",
				"${TARGET_BUILD_DIR}/${UNLOCALIZED_RESOURCES_FOLDER_PATH}/GTMSessionFetcher_Core_Privacy.bundle",
				"${TARGET_BUILD_DIR}/${UNLOCALIZED_RESOURCES_FOLDER_PATH}/GoogleMobileAdsResources.bundle",
				"${TARGET_BUILD_DIR}/${UNLOCALIZED_RESOURCES_FOLDER_PATH}/GoogleSignIn.bundle",
				"${TARGET_BUILD_DIR}/${UNLOCALIZED_RESOURCES_FOLDER_PATH}/UserMessagingPlatformResources.bundle",
				"${TARGET_BUILD_DIR}/${UNLOCALIZED_RESOURCES_FOLDER_PATH}/GoogleUtilities_Privacy.bundle",
				"${TARGET_BUILD_DIR}/${UNLOCALIZED_RESOURCES_FOLDER_PATH}/FBLPromises_Privacy.bundle",
				"${TARGET_BUILD_DIR}/${UNLOCALIZED_RESOURCES_FOLDER_PATH}/RNSVGFilters.bundle",
				"${TARGET_BUILD_DIR}/${UNLOCALIZED_RESOURCES_FOLDER_PATH}/React-Core_privacy.bundle",
				"${TARGET_BUILD_DIR}/${UNLOCALIZED_RESOURCES_FOLDER_PATH}/React-cxxreact_privacy.bundle",
				"${TARGET_BUILD_DIR}/${UNLOCALIZED_RESOURCES_FOLDER_PATH}/SDWebImage.bundle",
			);
			runOnlyForDeploymentPostprocessing = 0;
			shellPath = /bin/sh;
			shellScript = "\"${PODS_ROOT}/Target Support Files/Pods-wanspotnative/Pods-wanspotnative-resources.sh\"\n";
			showEnvVarsInLog = 0;
		};
		B31CF94CF8148C9959B4F7C5 /* [CP] Embed Pods Frameworks */ = {
			isa = PBXShellScriptBuildPhase;
			buildActionMask = 2147483647;
			files = (
			);
			inputPaths = (
				"${PODS_ROOT}/Target Support Files/Pods-wanspotnative/Pods-wanspotnative-frameworks.sh",
				"${PODS_XCFRAMEWORKS_BUILD_DIR}/React-Core-prebuilt/React.framework/React",
				"${PODS_XCFRAMEWORKS_BUILD_DIR}/ReactNativeDependencies/ReactNativeDependencies.framework/ReactNativeDependencies",
				"${PODS_XCFRAMEWORKS_BUILD_DIR}/hermes-engine/Pre-built/hermesvm.framework/hermesvm",
			);
			name = "[CP] Embed Pods Frameworks";
			outputPaths = (
				"${TARGET_BUILD_DIR}/${FRAMEWORKS_FOLDER_PATH}/React.framework",
				"${TARGET_BUILD_DIR}/${FRAMEWORKS_FOLDER_PATH}/ReactNativeDependencies.framework",
				"${TARGET_BUILD_DIR}/${FRAMEWORKS_FOLDER_PATH}/hermesvm.framework",
			);
			runOnlyForDeploymentPostprocessing = 0;
			shellPath = /bin/sh;
			shellScript = "\"${PODS_ROOT}/Target Support Files/Pods-wanspotnative/Pods-wanspotnative-frameworks.sh\"\n";
			showEnvVarsInLog = 0;
		};
		B67C4DA5061CB5B64BF92532 /* [Expo] Configure project */ = {
			isa = PBXShellScriptBuildPhase;
			alwaysOutOfDate = 1;
			buildActionMask = 2147483647;
			files = (
			);
			inputFileListPaths = (
			);
			inputPaths = (
				"$(SRCROOT)/.xcode.env",
				"$(SRCROOT)/.xcode.env.local",
				"$(SRCROOT)/wanspotnative/wanspotnative.entitlements",
				"$(SRCROOT)/Pods/Target Support Files/Pods-wanspotnative/expo-configure-project.sh",
			);
			name = "[Expo] Configure project";
			outputFileListPaths = (
			);
			outputPaths = (
				"$(SRCROOT)/Pods/Target Support Files/Pods-wanspotnative/ExpoModulesProvider.swift",
			);
			runOnlyForDeploymentPostprocessing = 0;
			shellPath = /bin/sh;
			shellScript = "# This script configures Expo modules and generates the modules provider file.\nbash -l -c \"./Pods/Target\\ Support\\ Files/Pods-wanspotnative/expo-configure-project.sh\"\n";
		};
/* End PBXShellScriptBuildPhase section */

/* Begin PBXSourcesBuildPhase section */
		13B07F871A680F5B00A75B9A /* Sources */ = {
			isa = PBXSourcesBuildPhase;
			buildActionMask = 2147483647;
			files = (
				F11748422D0307B40044C1D9 /* AppDelegate.swift in Sources */,
				5F28E327B29F4FF874D7E491 /* ExpoModulesProvider.swift in Sources */,
			);
			runOnlyForDeploymentPostprocessing = 0;
		};
/* End PBXSourcesBuildPhase section */

/* Begin XCBuildConfiguration section */
		13B07F941A680F5B00A75B9A /* Debug */ = {
			isa = XCBuildConfiguration;
			baseConfigurationReference = 5C986CD357A739268A9B4702 /* Pods-wanspotnative.debug.xcconfig */;
			buildSettings = {
				ASSETCATALOG_COMPILER_APPICON_NAME = AppIcon;
				CLANG_ENABLE_MODULES = YES;
				CODE_SIGN_ENTITLEMENTS = wanspotnative/wanspotnative.entitlements;
				CURRENT_PROJECT_VERSION = 1;
				DEVELOPMENT_TEAM = 3ZKJY68M2F;
				ENABLE_BITCODE = NO;
				GCC_PREPROCESSOR_DEFINITIONS = (
					"$(inherited)",
					"FB_SONARKIT_ENABLED=1",
				);
				INFOPLIST_FILE = wanspotnative/Info.plist;
				IPHONEOS_DEPLOYMENT_TARGET = 15.1;
				LD_RUNPATH_SEARCH_PATHS = (
					"$(inherited)",
					"@executable_path/Frameworks",
				);
				MARKETING_VERSION = 1.0;
				OTHER_LDFLAGS = (
					"$(inherited)",
					"-ObjC",
					"-lc++",
				);
				OTHER_SWIFT_FLAGS = "$(inherited) -D EXPO_CONFIGURATION_DEBUG";
				PRODUCT_BUNDLE_IDENTIFIER = app.wanspot.native;
				PRODUCT_NAME = wanspotnative;
				SWIFT_OBJC_BRIDGING_HEADER = "wanspotnative/wanspotnative-Bridging-Header.h";
				SWIFT_OPTIMIZATION_LEVEL = "-Onone";
				SWIFT_VERSION = 5.0;
				TARGETED_DEVICE_FAMILY = 1;
				VERSIONING_SYSTEM = "apple-generic";
			};
			name = Debug;
		};
		13B07F951A680F5B00A75B9A /* Release */ = {
			isa = XCBuildConfiguration;
			baseConfigurationReference = 7CFAD0F54D32B108C9C198B4 /* Pods-wanspotnative.release.xcconfig */;
			buildSettings = {
				ASSETCATALOG_COMPILER_APPICON_NAME = AppIcon;
				CLANG_ENABLE_MODULES = YES;
				CODE_SIGN_ENTITLEMENTS = wanspotnative/wanspotnative.entitlements;
				CURRENT_PROJECT_VERSION = 1;
				DEVELOPMENT_TEAM = 3ZKJY68M2F;
				INFOPLIST_FILE = wanspotnative/Info.plist;
				IPHONEOS_DEPLOYMENT_TARGET = 15.1;
				LD_RUNPATH_SEARCH_PATHS = (
					"$(inherited)",
					"@executable_path/Frameworks",
				);
				MARKETING_VERSION = 1.0;
				OTHER_LDFLAGS = (
					"$(inherited)",
					"-ObjC",
					"-lc++",
				);
				OTHER_SWIFT_FLAGS = "$(inherited) -D EXPO_CONFIGURATION_RELEASE";
				PRODUCT_BUNDLE_IDENTIFIER = app.wanspot.native;
				PRODUCT_NAME = wanspotnative;
				SWIFT_OBJC_BRIDGING_HEADER = "wanspotnative/wanspotnative-Bridging-Header.h";
				SWIFT_VERSION = 5.0;
				TARGETED_DEVICE_FAMILY = 1;
				VERSIONING_SYSTEM = "apple-generic";
			};
			name = Release;
		};
		83CBBA201A601CBA00E9B192 /* Debug */ = {
			isa = XCBuildConfiguration;
			buildSettings = {
				ALWAYS_SEARCH_USER_PATHS = NO;
				CLANG_ANALYZER_LOCALIZABILITY_NONLOCALIZED = YES;
				CLANG_CXX_LANGUAGE_STANDARD = "c++20";
				CLANG_CXX_LIBRARY = "libc++";
				CLANG_ENABLE_MODULES = YES;
				CLANG_ENABLE_OBJC_ARC = YES;
				CLANG_WARN_BLOCK_CAPTURE_AUTORELEASING = YES;
				CLANG_WARN_BOOL_CONVERSION = YES;
				CLANG_WARN_COMMA = YES;
				CLANG_WARN_CONSTANT_CONVERSION = YES;
				CLANG_WARN_DEPRECATED_OBJC_IMPLEMENTATIONS = YES;
				CLANG_WARN_DIRECT_OBJC_ISA_USAGE = YES_ERROR;
				CLANG_WARN_EMPTY_BODY = YES;
				CLANG_WARN_ENUM_CONVERSION = YES;
				CLANG_WARN_INFINITE_RECURSION = YES;
				CLANG_WARN_INT_CONVERSION = YES;
				CLANG_WARN_NON_LITERAL_NULL_CONVERSION = YES;
				CLANG_WARN_OBJC_IMPLICIT_RETAIN_SELF = YES;
				CLANG_WARN_OBJC_LITERAL_CONVERSION = YES;
				CLANG_WARN_OBJC_ROOT_CLASS = YES_ERROR;
				CLANG_WARN_RANGE_LOOP_ANALYSIS = YES;
				CLANG_WARN_STRICT_PROTOTYPES = YES;
				CLANG_WARN_SUSPICIOUS_MOVE = YES;
				CLANG_WARN_UNREACHABLE_CODE = YES;
				CLANG_WARN__DUPLICATE_METHOD_MATCH = YES;
				"CODE_SIGN_IDENTITY[sdk=iphoneos*]" = "iPhone Developer";
				COPY_PHASE_STRIP = NO;
				ENABLE_STRICT_OBJC_MSGSEND = YES;
				ENABLE_TESTABILITY = YES;
				GCC_C_LANGUAGE_STANDARD = gnu99;
				GCC_DYNAMIC_NO_PIC = NO;
				GCC_NO_COMMON_BLOCKS = YES;
				GCC_OPTIMIZATION_LEVEL = 0;
				GCC_PREPROCESSOR_DEFINITIONS = (
					"DEBUG=1",
					"$(inherited)",
				);
				GCC_SYMBOLS_PRIVATE_EXTERN = NO;
				GCC_WARN_64_TO_32_BIT_CONVERSION = YES;
				GCC_WARN_ABOUT_RETURN_TYPE = YES_ERROR;
				GCC_WARN_UNDECLARED_SELECTOR = YES;
				GCC_WARN_UNINITIALIZED_AUTOS = YES_AGGRESSIVE;
				GCC_WARN_UNUSED_FUNCTION = YES;
				GCC_WARN_UNUSED_VARIABLE = YES;
				HEADER_SEARCH_PATHS = (
					"$(inherited)",
					"${PODS_ROOT}/ReactCommon",
					"${PODS_ROOT}/ReactCommon/react/nativemodule/core",
					"${PODS_ROOT}/React-runtimeexecutor",
					"${PODS_ROOT}/React-runtimeexecutor/platform/ios",
					"${PODS_ROOT}/ReactCommon-Samples",
					"${PODS_ROOT}/ReactCommon-Samples/platform/ios",
					"${PODS_ROOT}/React-Fabric/react/renderer/components/view/platform/cxx",
					"${PODS_ROOT}/React-NativeModulesApple",
					"${PODS_ROOT}/React-graphics",
					"${PODS_ROOT}/React-graphics/react/renderer/graphics/platform/ios",
				);
				IPHONEOS_DEPLOYMENT_TARGET = 15.1;
				LD_RUNPATH_SEARCH_PATHS = (
					/usr/lib/swift,
					"$(inherited)",
				);
				LIBRARY_SEARCH_PATHS = "$(SDKROOT)/usr/lib/swift\"$(inherited)\"";
				MTL_ENABLE_DEBUG_INFO = YES;
				ONLY_ACTIVE_ARCH = YES;
				OTHER_CFLAGS = "$(inherited)";
				OTHER_CPLUSPLUSFLAGS = "$(inherited)";
				REACT_NATIVE_PATH = "${PODS_ROOT}/../../node_modules/react-native";
				SDKROOT = iphoneos;
				SWIFT_ACTIVE_COMPILATION_CONDITIONS = "$(inherited) DEBUG";
				SWIFT_ENABLE_EXPLICIT_MODULES = NO;
				USE_HERMES = true;
			};
			name = Debug;
		};
		83CBBA211A601CBA00E9B192 /* Release */ = {
			isa = XCBuildConfiguration;
			buildSettings = {
				ALWAYS_SEARCH_USER_PATHS = NO;
				CLANG_ANALYZER_LOCALIZABILITY_NONLOCALIZED = YES;
				CLANG_CXX_LANGUAGE_STANDARD = "c++20";
				CLANG_CXX_LIBRARY = "libc++";
				CLANG_ENABLE_MODULES = YES;
				CLANG_ENABLE_OBJC_ARC = YES;
				CLANG_WARN_BLOCK_CAPTURE_AUTORELEASING = YES;
				CLANG_WARN_BOOL_CONVERSION = YES;
				CLANG_WARN_COMMA = YES;
				CLANG_WARN_CONSTANT_CONVERSION = YES;
				CLANG_WARN_DEPRECATED_OBJC_IMPLEMENTATIONS = YES;
				CLANG_WARN_DIRECT_OBJC_ISA_USAGE = YES_ERROR;
				CLANG_WARN_EMPTY_BODY = YES;
				CLANG_WARN_ENUM_CONVERSION = YES;
				CLANG_WARN_INFINITE_RECURSION = YES;
				CLANG_WARN_INT_CONVERSION = YES;
				CLANG_WARN_NON_LITERAL_NULL_CONVERSION = YES;
				CLANG_WARN_OBJC_IMPLICIT_RETAIN_SELF = YES;
				CLANG_WARN_OBJC_LITERAL_CONVERSION = YES;
				CLANG_WARN_OBJC_ROOT_CLASS = YES_ERROR;
				CLANG_WARN_RANGE_LOOP_ANALYSIS = YES;
				CLANG_WARN_STRICT_PROTOTYPES = YES;
				CLANG_WARN_SUSPICIOUS_MOVE = YES;
				CLANG_WARN_UNREACHABLE_CODE = YES;
				CLANG_WARN__DUPLICATE_METHOD_MATCH = YES;
				"CODE_SIGN_IDENTITY[sdk=iphoneos*]" = "iPhone Developer";
				COPY_PHASE_STRIP = YES;
				ENABLE_NS_ASSERTIONS = NO;
				ENABLE_STRICT_OBJC_MSGSEND = YES;
				GCC_C_LANGUAGE_STANDARD = gnu99;
				GCC_NO_COMMON_BLOCKS = YES;
				GCC_WARN_64_TO_32_BIT_CONVERSION = YES;
				GCC_WARN_ABOUT_RETURN_TYPE = YES_ERROR;
				GCC_WARN_UNDECLARED_SELECTOR = YES;
				GCC_WARN_UNINITIALIZED_AUTOS = YES_AGGRESSIVE;
				GCC_WARN_UNUSED_FUNCTION = YES;
				GCC_WARN_UNUSED_VARIABLE = YES;
				HEADER_SEARCH_PATHS = (
					"$(inherited)",
					"${PODS_ROOT}/ReactCommon",
					"${PODS_ROOT}/ReactCommon/react/nativemodule/core",
					"${PODS_ROOT}/React-runtimeexecutor",
					"${PODS_ROOT}/React-runtimeexecutor/platform/ios",
					"${PODS_ROOT}/ReactCommon-Samples",
					"${PODS_ROOT}/ReactCommon-Samples/platform/ios",
					"${PODS_ROOT}/React-Fabric/react/renderer/components/view/platform/cxx",
					"${PODS_ROOT}/React-NativeModulesApple",
					"${PODS_ROOT}/React-graphics",
					"${PODS_ROOT}/React-graphics/react/renderer/graphics/platform/ios",
				);
				IPHONEOS_DEPLOYMENT_TARGET = 15.1;
				LD_RUNPATH_SEARCH_PATHS = (
					/usr/lib/swift,
					"$(inherited)",
				);
				LIBRARY_SEARCH_PATHS = "$(SDKROOT)/usr/lib/swift\"$(inherited)\"";
				MTL_ENABLE_DEBUG_INFO = NO;
				OTHER_CFLAGS = "$(inherited)";
				OTHER_CPLUSPLUSFLAGS = "$(inherited)";
				REACT_NATIVE_PATH = "${PODS_ROOT}/../../node_modules/react-native";
				SDKROOT = iphoneos;
				SWIFT_ENABLE_EXPLICIT_MODULES = NO;
				USE_HERMES = true;
				VALIDATE_PRODUCT = YES;
			};
			name = Release;
		};
/* End XCBuildConfiguration section */

/* Begin XCConfigurationList section */
		13B07F931A680F5B00A75B9A /* Build configuration list for PBXNativeTarget "wanspotnative" */ = {
			isa = XCConfigurationList;
			buildConfigurations = (
				13B07F941A680F5B00A75B9A /* Debug */,
				13B07F951A680F5B00A75B9A /* Release */,
			);
			defaultConfigurationIsVisible = 0;
			defaultConfigurationName = Release;
		};
		83CBB9FA1A601CBA00E9B192 /* Build configuration list for PBXProject "wanspotnative" */ = {
			isa = XCConfigurationList;
			buildConfigurations = (
				83CBBA201A601CBA00E9B192 /* Debug */,
				83CBBA211A601CBA00E9B192 /* Release */,
			);
			defaultConfigurationIsVisible = 0;
			defaultConfigurationName = Release;
		};
/* End XCConfigurationList section */
	};
	rootObject = 83CBB9F71A601CBA00E9B192 /* Project object */;
}
